// !$*UTF8*$!
{
	archiveVersion = 1;
	classes = {
	};
	objectVersion = 70;
	objects = {

/* Begin PBXBuildFile section */
		B0670F5329D55FBE00676872 /* QGrid in Frameworks */ = {isa = PBXBuildFile; productRef = B0670F5229D55FBE00676872 /* QGrid */; };
		B0670F6729DC098400676872 /* SwiftyJSON in Frameworks */ = {isa = PBXBuildFile; productRef = B0670F6629DC098400676872 /* SwiftyJSON */; };
		B0CD050429EBB06400511E7F /* SDWebImageSwiftUI in Frameworks */ = {isa = PBXBuildFile; productRef = B0CD050329EBB06400511E7F /* SDWebImageSwiftUI */; };
		B0D839572DDBE88300CDC7BB /* MUXSDKStats in Frameworks */ = {isa = PBXBuildFile; productRef = B0D839562DDBE88300CDC7BB /* MUXSDKStats */; };
		B0D8395A2DDE4CDC00CDC7BB /* VarInt in Frameworks */ = {isa = PBXBuildFile; productRef = B0D839592DDE4CDC00CDC7BB /* VarInt */; };
		B0E60F9529CD84420079661E /* Alamofire in Frameworks */ = {isa = PBXBuildFile; productRef = B0E60F9429CD84420079661E /* Alamofire */; };
		B0E60F9B29CD84AF0079661E /* Base58Swift in Frameworks */ = {isa = PBXBuildFile; productRef = B0E60F9A29CD84AF0079661E /* Base58Swift */; };
		FA2E85AC2F6E0FE400EC2DAD /* SDWebImage in Frameworks */ = {isa = PBXBuildFile; productRef = FA2E85AB2F6E0FE400EC2DAD /* SDWebImage */; };
		FA2E89CB2F6E12D600EC2DAD /* FirebaseAnalytics in Frameworks */ = {isa = PBXBuildFile; productRef = FA2E89CA2F6E12D600EC2DAD /* FirebaseAnalytics */; };
		FA2E89D22F6E18CF00EC2DAD /* FirebaseCrashlytics in Frameworks */ = {isa = PBXBuildFile; productRef = FA2E89D12F6E18CF00EC2DAD /* FirebaseCrashlytics */; };
		FAEC00E0000000000000C003 /* EluvioCore in Frameworks */ = {isa = PBXBuildFile; productRef = FAEC00E0000000000000C002 /* EluvioCore */; };
		FAEC00E0000000000001C001 /* EluvioCore in Frameworks */ = {isa = PBXBuildFile; productRef = FAEC00E0000000000000C002 /* EluvioCore */; };
/* End PBXBuildFile section */

/* Begin PBXContainerItemProxy section */
		FA27F99E2F3BD6C900C219C6 /* PBXContainerItemProxy */ = {
			isa = PBXContainerItemProxy;
			containerPortal = B0E60F6429CC23510079661E /* Project object */;
			proxyType = 1;
			remoteGlobalIDString = B0E60F6B29CC23510079661E;
			remoteInfo = EluvioWalletTVOS;
		};
/* End PBXContainerItemProxy section */

/* Begin PBXFileReference section */
		B0E60F6C29CC23510079661E /* EluvioWalletTVOS.app */ = {isa = PBXFileReference; explicitFileType = wrapper.application; includeInIndex = 0; path = EluvioWalletTVOS.app; sourceTree = BUILT_PRODUCTS_DIR; };
		FA27F9982F3BD6C900C219C6 /* EluvioWalletTVOSUITests.xctest */ = {isa = PBXFileReference; explicitFileType = wrapper.cfbundle; includeInIndex = 0; path = EluvioWalletTVOSUITests.xctest; sourceTree = BUILT_PRODUCTS_DIR; };
		FAEC00E0000000000001C002 /* EluvioWalletMobile.app */ = {isa = PBXFileReference; explicitFileType = wrapper.application; includeInIndex = 0; path = EluvioWalletMobile.app; sourceTree = BUILT_PRODUCTS_DIR; };
/* End PBXFileReference section */

/* Begin PBXFileSystemSynchronizedBuildFileExceptionSet section */
		FAD07A1C2F313D3E00EEAA9B /* PBXFileSystemSynchronizedBuildFileExceptionSet */ = {
			isa = PBXFileSystemSynchronizedBuildFileExceptionSet;
			membershipExceptions = (
				Info.plist,
			);
			target = B0E60F6B29CC23510079661E /* EluvioWalletTVOS */;
		};
/* End PBXFileSystemSynchronizedBuildFileExceptionSet section */

/* Begin PBXFileSystemSynchronizedRootGroup section */
		FA27F9992F3BD6C900C219C6 /* EluvioWalletTVOSUITests */ = {isa = PBXFileSystemSynchronizedRootGroup; explicitFileTypes = {}; explicitFolders = (); path = EluvioWalletTVOSUITests; sourceTree = "<group>"; };
		FA7858F22F3BB13E00BBAC62 /* Configuration */ = {isa = PBXFileSystemSynchronizedRootGroup; explicitFileTypes = {}; explicitFolders = (); path = Configuration; sourceTree = "<group>"; };
		FAD079AB2F313D3E00EEAA9B /* EluvioWalletTVOS */ = {isa = PBXFileSystemSynchronizedRootGroup; exceptions = (FAD07A1C2F313D3E00EEAA9B /* PBXFileSystemSynchronizedBuildFileExceptionSet */, ); explicitFileTypes = {}; explicitFolders = (); path = EluvioWalletTVOS; sourceTree = "<group>"; };
		FAEC00E0000000000001C004 /* EluvioWalletMobile */ = {isa = PBXFileSystemSynchronizedRootGroup; explicitFileTypes = {}; explicitFolders = (); path = EluvioWalletMobile; sourceTree = "<group>"; };
/* End PBXFileSystemSynchronizedRootGroup section */

/* Begin PBXFrameworksBuildPhase section */
		B0E60F6929CC23510079661E /* Frameworks */ = {
			isa = PBXFrameworksBuildPhase;
			buildActionMask = 2147483647;
			files = (
				B0670F5329D55FBE00676872 /* QGrid in Frameworks */,
				B0E60F9B29CD84AF0079661E /* Base58Swift in Frameworks */,
				FA2E85AC2F6E0FE400EC2DAD /* SDWebImage in Frameworks */,
				B0D8395A2DDE4CDC00CDC7BB /* VarInt in Frameworks */,
				B0D839572DDBE88300CDC7BB /* MUXSDKStats in Frameworks */,
				B0E60F9529CD84420079661E /* Alamofire in Frameworks */,
				B0CD050429EBB06400511E7F /* SDWebImageSwiftUI in Frameworks */,
				FA2E89D22F6E18CF00EC2DAD /* FirebaseCrashlytics in Frameworks */,
				B0670F6729DC098400676872 /* SwiftyJSON in Frameworks */,
				FA2E89CB2F6E12D600EC2DAD /* FirebaseAnalytics in Frameworks */,
				FAEC00E0000000000000C003 /* EluvioCore in Frameworks */,
			);
			runOnlyForDeploymentPostprocessing = 0;
		};
		FA27F9952F3BD6C900C219C6 /* Frameworks */ = {
			isa = PBXFrameworksBuildPhase;
			buildActionMask = 2147483647;
			files = (
			);
			runOnlyForDeploymentPostprocessing = 0;
		};
		FAEC00E0000000000001C005 /* Frameworks */ = {
			isa = PBXFrameworksBuildPhase;
			buildActionMask = 2147483647;
			files = (
				FAEC00E0000000000001C001 /* EluvioCore in Frameworks */,
			);
			runOnlyForDeploymentPostprocessing = 0;
		};
/* End PBXFrameworksBuildPhase section */

/* Begin PBXGroup section */
		B0E60F6329CC23510079661E = {
			isa = PBXGroup;
			children = (
				FA7858F22F3BB13E00BBAC62 /* Configuration */,
				FAEC00E0000000000001C004 /* EluvioWalletMobile */,
				FAD079AB2F313D3E00EEAA9B /* EluvioWalletTVOS */,
				FA27F9992F3BD6C900C219C6 /* EluvioWalletTVOSUITests */,
				B0E60F6D29CC23510079661E /* Products */,
			);
			sourceTree = "<group>";
		};
		B0E60F6D29CC23510079661E /* Products */ = {
			isa = PBXGroup;
			children = (
				B0E60F6C29CC23510079661E /* EluvioWalletTVOS.app */,
				FA27F9982F3BD6C900C219C6 /* EluvioWalletTVOSUITests.xctest */,
				FAEC00E0000000000001C002 /* EluvioWalletMobile.app */,
			);
			name = Products;
			sourceTree = "<group>";
		};
/* End PBXGroup section */

/* Begin PBXNativeTarget section */
		B0E60F6B29CC23510079661E /* EluvioWalletTVOS */ = {
			isa = PBXNativeTarget;
			buildConfigurationList = B0E60F7A29CC23530079661E /* Build configuration list for PBXNativeTarget "EluvioWalletTVOS" */;
			buildPhases = (
				B0E60F6829CC23510079661E /* Sources */,
				B0E60F6929CC23510079661E /* Frameworks */,
				B0E60F6A29CC23510079661E /* Resources */,
				FA2E89D32F6E3B2A00EC2DAD /* Upload Crashlytics dSYMs */,
			);
			buildRules = (
			);
			dependencies = (
			);
			fileSystemSynchronizedGroups = (
				FA7858F22F3BB13E00BBAC62 /* Configuration */,
				FAD079AB2F313D3E00EEAA9B /* EluvioWalletTVOS */,
			);
			name = EluvioWalletTVOS;
			packageProductDependencies = (
				B0E60F9429CD84420079661E /* Alamofire */,
				B0E60F9A29CD84AF0079661E /* Base58Swift */,
				B0670F5229D55FBE00676872 /* QGrid */,
				B0670F6629DC098400676872 /* SwiftyJSON */,
				B0CD050329EBB06400511E7F /* SDWebImageSwiftUI */,
				B0D839562DDBE88300CDC7BB /* MUXSDKStats */,
				B0D839592DDE4CDC00CDC7BB /* VarInt */,
				FA2E85AB2F6E0FE400EC2DAD /* SDWebImage */,
				FA2E89CA2F6E12D600EC2DAD /* FirebaseAnalytics */,
				FA2E89D12F6E18CF00EC2DAD /* FirebaseCrashlytics */,
				FAEC00E0000000000000C002 /* EluvioCore */,
			);
			productName = EluvioWalletTVOS;
			productReference = B0E60F6C29CC23510079661E /* EluvioWalletTVOS.app */;
			productType = "com.apple.product-type.application";
		};
		FA27F9972F3BD6C900C219C6 /* EluvioWalletTVOSUITests */ = {
			isa = PBXNativeTarget;
			buildConfigurationList = FA27F9A22F3BD6C900C219C6 /* Build configuration list for PBXNativeTarget "EluvioWalletTVOSUITests" */;
			buildPhases = (
				FA27F9942F3BD6C900C219C6 /* Sources */,
				FA27F9952F3BD6C900C219C6 /* Frameworks */,
				FA27F9962F3BD6C900C219C6 /* Resources */,
			);
			buildRules = (
			);
			dependencies = (
				FA27F99F2F3BD6C900C219C6 /* PBXTargetDependency */,
			);
			fileSystemSynchronizedGroups = (
				FA27F9992F3BD6C900C219C6 /* EluvioWalletTVOSUITests */,
			);
			name = EluvioWalletTVOSUITests;
			packageProductDependencies = (
			);
			productName = EluvioWalletTVOSUITests;
			productReference = FA27F9982F3BD6C900C219C6 /* EluvioWalletTVOSUITests.xctest */;
			productType = "com.apple.product-type.bundle.ui-testing";
		};
		FAEC00E0000000000001C006 /* EluvioWalletMobile */ = {
			isa = PBXNativeTarget;
			buildConfigurationList = FAEC00E0000000000001C00B /* Build configuration list for PBXNativeTarget "EluvioWalletMobile" */;
			buildPhases = (
				FAEC00E0000000000001C008 /* Sources */,
				FAEC00E0000000000001C005 /* Frameworks */,
				FAEC00E0000000000001C007 /* Resources */,
			);
			buildRules = (
			);
			dependencies = (
			);
			fileSystemSynchronizedGroups = (
				FA7858F22F3BB13E00BBAC62 /* Configuration */,
				FAEC00E0000000000001C004 /* EluvioWalletMobile */,
			);
			name = EluvioWalletMobile;
			packageProductDependencies = (
				FAEC00E0000000000000C002 /* EluvioCore */,
			);
			productName = EluvioWalletMobile;
			productReference = FAEC00E0000000000001C002 /* EluvioWalletMobile.app */;
			productType = "com.apple.product-type.application";
		};
/* End PBXNativeTarget section */

/* Begin PBXProject section */
		B0E60F6429CC23510079661E /* Project object */ = {
			isa = PBXProject;
			attributes = {
				BuildIndependentTargetsInParallel = 1;
				LastSwiftUpdateCheck = 2620;
				LastUpgradeCheck = 1500;
				TargetAttributes = {
					B0E60F6B29CC23510079661E = {
						CreatedOnToolsVersion = 14.2;
					};
					FA27F9972F3BD6C900C219C6 = {
						CreatedOnToolsVersion = 26.2;
						TestTargetID = B0E60F6B29CC23510079661E;
					};
				};
			};
			buildConfigurationList = B0E60F6729CC23510079661E /* Build configuration list for PBXProject "EluvioWalletTVOS" */;
			compatibilityVersion = "Xcode 14.0";
			developmentRegion = en;
			hasScannedForEncodings = 0;
			knownRegions = (
				en,
				Base,
			);
			mainGroup = B0E60F6329CC23510079661E;
			packageReferences = (
				FAEC00E0000000000000C001 /* XCLocalSwiftPackageReference "Packages/EluvioCore" */,
				B0E60F9329CD84420079661E /* XCRemoteSwiftPackageReference "Alamofire" */,
				B0E60F9929CD84AF0079661E /* XCRemoteSwiftPackageReference "Base58Swift" */,
				B0670F5129D55FBE00676872 /* XCRemoteSwiftPackageReference "QGrid" */,
				B0670F6529DC098400676872 /* XCRemoteSwiftPackageReference "SwiftyJSON" */,
				B0CD050229EBB06400511E7F /* XCRemoteSwiftPackageReference "SDWebImageSwiftUI" */,
				B0D839552DDBE88300CDC7BB /* XCRemoteSwiftPackageReference "mux-stats-sdk-avplayer" */,
				B0D839582DDE495600CDC7BB /* XCRemoteSwiftPackageReference "swift-varint" */,
				FA2E85AA2F6E0FE400EC2DAD /* XCRemoteSwiftPackageReference "SDWebImage" */,
				FA2E89C92F6E12D600EC2DAD /* XCRemoteSwiftPackageReference "firebase-ios-sdk" */,
			);
			productRefGroup = B0E60F6D29CC23510079661E /* Products */;
			projectDirPath = "";
			projectRoot = "";
			targets = (
				B0E60F6B29CC23510079661E /* EluvioWalletTVOS */,
				FAEC00E0000000000001C006 /* EluvioWalletMobile */,
				FA27F9972F3BD6C900C219C6 /* EluvioWalletTVOSUITests */,
			);
		};
/* End PBXProject section */

/* Begin PBXResourcesBuildPhase section */
		B0E60F6A29CC23510079661E /* Resources */ = {
			isa = PBXResourcesBuildPhase;
			buildActionMask = 2147483647;
			files = (
			);
			runOnlyForDeploymentPostprocessing = 0;
		};
		FA27F9962F3BD6C900C219C6 /* Resources */ = {
			isa = PBXResourcesBuildPhase;
			buildActionMask = 2147483647;
			files = (
			);
			runOnlyForDeploymentPostprocessing = 0;
		};
		FAEC00E0000000000001C007 /* Resources */ = {
			isa = PBXResourcesBuildPhase;
			buildActionMask = 2147483647;
			files = (
			);
			runOnlyForDeploymentPostprocessing = 0;
		};
/* End PBXResourcesBuildPhase section */

/* Begin PBXShellScriptBuildPhase section */
		FA2E89D32F6E3B2A00EC2DAD /* Upload Crashlytics dSYMs */ = {
			isa = PBXShellScriptBuildPhase;
			alwaysOutOfDate = 1;
			buildActionMask = 2147483647;
			files = (
			);
			inputFileListPaths = (
			);
			inputPaths = (
				"${DWARF_DSYM_FOLDER_PATH}/${DWARF_DSYM_FILE_NAME}",
				"${DWARF_DSYM_FOLDER_PATH}/${DWARF_DSYM_FILE_NAME}/Contents/Resources/DWARF/${PRODUCT_NAME}",
				"${DWARF_DSYM_FOLDER_PATH}/${DWARF_DSYM_FILE_NAME}/Contents/Info.plist",
			);
			name = "Upload Crashlytics dSYMs";
			outputFileListPaths = (
			);
			outputPaths = (
			);
			runOnlyForDeploymentPostprocessing = 0;
			shellPath = /bin/sh;
			shellScript = "# Upload dSYMs to Firebase Crashlytics. Skips when GoogleService-Info.plist\n# isn't in the bundle (e.g. open-source builds without Firebase config).\nif [ -f \"${BUILT_PRODUCTS_DIR}/${UNLOCALIZED_RESOURCES_FOLDER_PATH}/GoogleService-Info.plist\" ]; then\n  \"${BUILD_DIR%/Build/*}/SourcePackages/checkouts/firebase-ios-sdk/Crashlytics/run\"\nelse\n  echo \"GoogleService-Info.plist not in bundle — skipping Crashlytics dSYM upload\"\nfi\n";
		};
/* End PBXShellScriptBuildPhase section */

/* Begin PBXSourcesBuildPhase section */
		B0E60F6829CC23510079661E /* Sources */ = {
			isa = PBXSourcesBuildPhase;
			buildActionMask = 2147483647;
			files = (
			);
			runOnlyForDeploymentPostprocessing = 0;
		};
		FA27F9942F3BD6C900C219C6 /* Sources */ = {
			isa = PBXSourcesBuildPhase;
			buildActionMask = 2147483647;
			files = (
			);
			runOnlyForDeploymentPostprocessing = 0;
		};
		FAEC00E0000000000001C008 /* Sources */ = {
			isa = PBXSourcesBuildPhase;
			buildActionMask = 2147483647;
			files = (
			);
			runOnlyForDeploymentPostprocessing = 0;
		};
/* End PBXSourcesBuildPhase section */

/* Begin PBXTargetDependency section */
		FA27F99F2F3BD6C900C219C6 /* PBXTargetDependency */ = {
			isa = PBXTargetDependency;
			target = B0E60F6B29CC23510079661E /* EluvioWalletTVOS */;
			targetProxy = FA27F99E2F3BD6C900C219C6 /* PBXContainerItemProxy */;
		};
/* End PBXTargetDependency section */

/* Begin XCBuildConfiguration section */
		B0E60F7829CC23530079661E /* Debug */ = {
			isa = XCBuildConfiguration;
			buildSettings = {
				ALWAYS_SEARCH_USER_PATHS = NO;
				ASSETCATALOG_COMPILER_GENERATE_SWIFT_ASSET_SYMBOL_EXTENSIONS = YES;
				CLANG_ANALYZER_NONNULL = YES;
				CLANG_ANALYZER_NUMBER_OBJECT_CONVERSION = YES_AGGRESSIVE;
				CLANG_CXX_LANGUAGE_STANDARD = "gnu++20";
				CLANG_ENABLE_MODULES = YES;
				CLANG_ENABLE_OBJC_ARC = YES;
				CLANG_ENABLE_OBJC_WEAK = YES;
				CLANG_WARN_BLOCK_CAPTURE_AUTORELEASING = YES;
				CLANG_WARN_BOOL_CONVERSION = YES;
				CLANG_WARN_COMMA = YES;
				CLANG_WARN_CONSTANT_CONVERSION = YES;
				CLANG_WARN_DEPRECATED_OBJC_IMPLEMENTATIONS = YES;
				CLANG_WARN_DIRECT_OBJC_ISA_USAGE = YES_ERROR;
				CLANG_WARN_DOCUMENTATION_COMMENTS = YES;
				CLANG_WARN_EMPTY_BODY = YES;
				CLANG_WARN_ENUM_CONVERSION = YES;
				CLANG_WARN_INFINITE_RECURSION = YES;
				CLANG_WARN_INT_CONVERSION = YES;
				CLANG_WARN_NON_LITERAL_NULL_CONVERSION = YES;
				CLANG_WARN_OBJC_IMPLICIT_RETAIN_SELF = YES;
				CLANG_WARN_OBJC_LITERAL_CONVERSION = YES;
				CLANG_WARN_OBJC_ROOT_CLASS = YES_ERROR;
				CLANG_WARN_QUOTED_INCLUDE_IN_FRAMEWORK_HEADER = YES;
				CLANG_WARN_RANGE_LOOP_ANALYSIS = YES;
				CLANG_WARN_STRICT_PROTOTYPES = YES;
				CLANG_WARN_SUSPICIOUS_MOVE = YES;
				CLANG_WARN_UNGUARDED_AVAILABILITY = YES_AGGRESSIVE;
				CLANG_WARN_UNREACHABLE_CODE = YES;
				CLANG_WARN__DUPLICATE_METHOD_MATCH = YES;
				COPY_PHASE_STRIP = NO;
				DEBUG_INFORMATION_FORMAT = dwarf;
				ENABLE_STRICT_OBJC_MSGSEND = YES;
				ENABLE_TESTABILITY = YES;
				ENABLE_USER_SCRIPT_SANDBOXING = YES;
				GCC_C_LANGUAGE_STANDARD = gnu11;
				GCC_DYNAMIC_NO_PIC = NO;
				GCC_NO_COMMON_BLOCKS = YES;
				GCC_OPTIMIZATION_LEVEL = 0;
				GCC_PREPROCESSOR_DEFINITIONS = (
					"DEBUG=1",
					"$(inherited)",
				);
				GCC_WARN_64_TO_32_BIT_CONVERSION = YES;
				GCC_WARN_ABOUT_RETURN_TYPE = YES_ERROR;
				GCC_WARN_UNDECLARED_SELECTOR = YES;
				GCC_WARN_UNINITIALIZED_AUTOS = YES_AGGRESSIVE;
				GCC_WARN_UNUSED_FUNCTION = YES;
				GCC_WARN_UNUSED_VARIABLE = YES;
				MTL_ENABLE_DEBUG_INFO = INCLUDE_SOURCE;
				MTL_FAST_MATH = YES;
				ONLY_ACTIVE_ARCH = YES;
				SDKROOT = appletvos;
				SWIFT_ACTIVE_COMPILATION_CONDITIONS = DEBUG;
				SWIFT_OPTIMIZATION_LEVEL = "-Onone";
				TVOS_DEPLOYMENT_TARGET = 17.0;
			};
			name = Debug;
		};
		B0E60F7929CC23530079661E /* Release */ = {
			isa = XCBuildConfiguration;
			buildSettings = {
				ALWAYS_SEARCH_USER_PATHS = NO;
				ASSETCATALOG_COMPILER_GENERATE_SWIFT_ASSET_SYMBOL_EXTENSIONS = YES;
				CLANG_ANALYZER_NONNULL = YES;
				CLANG_ANALYZER_NUMBER_OBJECT_CONVERSION = YES_AGGRESSIVE;
				CLANG_CXX_LANGUAGE_STANDARD = "gnu++20";
				CLANG_ENABLE_MODULES = YES;
				CLANG_ENABLE_OBJC_ARC = YES;
				CLANG_ENABLE_OBJC_WEAK = YES;
				CLANG_WARN_BLOCK_CAPTURE_AUTORELEASING = YES;
				CLANG_WARN_BOOL_CONVERSION = YES;
				CLANG_WARN_COMMA = YES;
				CLANG_WARN_CONSTANT_CONVERSION = YES;
				CLANG_WARN_DEPRECATED_OBJC_IMPLEMENTATIONS = YES;
				CLANG_WARN_DIRECT_OBJC_ISA_USAGE = YES_ERROR;
				CLANG_WARN_DOCUMENTATION_COMMENTS = YES;
				CLANG_WARN_EMPTY_BODY = YES;
				CLANG_WARN_ENUM_CONVERSION = YES;
				CLANG_WARN_INFINITE_RECURSION = YES;
				CLANG_WARN_INT_CONVERSION = YES;
				CLANG_WARN_NON_LITERAL_NULL_CONVERSION = YES;
				CLANG_WARN_OBJC_IMPLICIT_RETAIN_SELF = YES;
				CLANG_WARN_OBJC_LITERAL_CONVERSION = YES;
				CLANG_WARN_OBJC_ROOT_CLASS = YES_ERROR;
				CLANG_WARN_QUOTED_INCLUDE_IN_FRAMEWORK_HEADER = YES;
				CLANG_WARN_RANGE_LOOP_ANALYSIS = YES;
				CLANG_WARN_STRICT_PROTOTYPES = YES;
				CLANG_WARN_SUSPICIOUS_MOVE = YES;
				CLANG_WARN_UNGUARDED_AVAILABILITY = YES_AGGRESSIVE;
				CLANG_WARN_UNREACHABLE_CODE = YES;
				CLANG_WARN__DUPLICATE_METHOD_MATCH = YES;
				COPY_PHASE_STRIP = NO;
				DEBUG_INFORMATION_FORMAT = "dwarf-with-dsym";
				ENABLE_NS_ASSERTIONS = NO;
				ENABLE_STRICT_OBJC_MSGSEND = YES;
				ENABLE_USER_SCRIPT_SANDBOXING = YES;
				GCC_C_LANGUAGE_STANDARD = gnu11;
				GCC_NO_COMMON_BLOCKS = YES;
				GCC_WARN_64_TO_32_BIT_CONVERSION = YES;
				GCC_WARN_ABOUT_RETURN_TYPE = YES_ERROR;
				GCC_WARN_UNDECLARED_SELECTOR = YES;
				GCC_WARN_UNINITIALIZED_AUTOS = YES_AGGRESSIVE;
				GCC_WARN_UNUSED_FUNCTION = YES;
				GCC_WARN_UNUSED_VARIABLE = YES;
				MTL_ENABLE_DEBUG_INFO = NO;
				MTL_FAST_MATH = YES;
				SDKROOT = appletvos;
				SWIFT_COMPILATION_MODE = wholemodule;
				SWIFT_OPTIMIZATION_LEVEL = "-O";
				TVOS_DEPLOYMENT_TARGET = 17.0;
				VALIDATE_PRODUCT = YES;
			};
			name = Release;
		};
		B0E60F7B29CC23530079661E /* Debug */ = {
			isa = XCBuildConfiguration;
			buildSettings = {
				ASSETCATALOG_COMPILER_APPICON_NAME = "App Icon & Top Shelf Image";
				ASSETCATALOG_COMPILER_GLOBAL_ACCENT_COLOR_NAME = AccentColor;
				CODE_SIGN_IDENTITY = "Apple Development";
				CODE_SIGN_STYLE = Automatic;
				CURRENT_PROJECT_VERSION = 386;
				DEBUG_INFORMATION_FORMAT = "dwarf-with-dsym";
				DEVELOPMENT_ASSET_PATHS = "\"EluvioWalletTVOS/Preview Content\"";
				DEVELOPMENT_TEAM = 2KH8KC3MMX;
				ENABLE_PREVIEWS = YES;
				ENABLE_USER_SCRIPT_SANDBOXING = NO;
				GENERATE_INFOPLIST_FILE = YES;
				INFOPLIST_FILE = EluvioWalletTVOS/Info.plist;
				INFOPLIST_KEY_CFBundleDisplayName = "Eluvio Media Wallet";
				INFOPLIST_KEY_LSApplicationCategoryType = "public.app-category.entertainment";
				INFOPLIST_KEY_UILaunchScreen_Generation = YES;
				INFOPLIST_KEY_UIUserInterfaceStyle = Automatic;
				LD_RUNPATH_SEARCH_PATHS = (
					"$(inherited)",
					"@executable_path/Frameworks",
				);
				MARKETING_VERSION = 3.0.0;
				PRODUCT_BUNDLE_IDENTIFIER = com.eluvio.wallet;
				PRODUCT_NAME = "$(TARGET_NAME)";
				PROVISIONING_PROFILE_SPECIFIER = "";
				SUPPORTED_PLATFORMS = "appletvos appletvsimulator xros xrsimulator";
				SUPPORTS_MACCATALYST = NO;
				SWIFT_EMIT_LOC_STRINGS = YES;
				SWIFT_VERSION = 5.0;
				TARGETED_DEVICE_FAMILY = "3,7";
				TVOS_DEPLOYMENT_TARGET = 18.0;
			};
			name = Debug;
		};
		B0E60F7C29CC23530079661E /* Release */ = {
			isa = XCBuildConfiguration;
			buildSettings = {
				ASSETCATALOG_COMPILER_APPICON_NAME = "App Icon & Top Shelf Image";
				ASSETCATALOG_COMPILER_GLOBAL_ACCENT_COLOR_NAME = AccentColor;
				CODE_SIGN_IDENTITY = "Apple Development";
				CODE_SIGN_STYLE = Automatic;
				CURRENT_PROJECT_VERSION = 386;
				DEVELOPMENT_ASSET_PATHS = "\"EluvioWalletTVOS/Preview Content\"";
				DEVELOPMENT_TEAM = 2KH8KC3MMX;
				ENABLE_PREVIEWS = YES;
				ENABLE_USER_SCRIPT_SANDBOXING = NO;
				GENERATE_INFOPLIST_FILE = YES;
				INFOPLIST_FILE = EluvioWalletTVOS/Info.plist;
				INFOPLIST_KEY_CFBundleDisplayName = "Eluvio Media Wallet";
				INFOPLIST_KEY_LSApplicationCategoryType = "public.app-category.entertainment";
				INFOPLIST_KEY_UILaunchScreen_Generation = YES;
				INFOPLIST_KEY_UIUserInterfaceStyle = Automatic;
				LD_RUNPATH_SEARCH_PATHS = (
					"$(inherited)",
					"@executable_path/Frameworks",
				);
				MARKETING_VERSION = 3.0.0;
				PRODUCT_BUNDLE_IDENTIFIER = com.eluvio.wallet;
				PRODUCT_NAME = "$(TARGET_NAME)";
				PROVISIONING_PROFILE_SPECIFIER = "";
				SUPPORTED_PLATFORMS = "appletvos appletvsimulator xros xrsimulator";
				SUPPORTS_MACCATALYST = NO;
				SWIFT_EMIT_LOC_STRINGS = YES;
				SWIFT_VERSION = 5.0;
				TARGETED_DEVICE_FAMILY = "3,7";
				TVOS_DEPLOYMENT_TARGET = 18.0;
			};
			name = Release;
		};
		FA27F9A02F3BD6C900C219C6 /* Debug */ = {
			isa = XCBuildConfiguration;
			buildSettings = {
				CODE_SIGN_STYLE = Automatic;
				CURRENT_PROJECT_VERSION = 1;
				GCC_C_LANGUAGE_STANDARD = gnu17;
				GENERATE_INFOPLIST_FILE = YES;
				LOCALIZATION_PREFERS_STRING_CATALOGS = YES;
				MARKETING_VERSION = 1.0;
				PRODUCT_BUNDLE_IDENTIFIER = com.eluvio.wallet.test.EluvioWalletTVOSUITests;
				PRODUCT_NAME = "$(TARGET_NAME)";
				STRING_CATALOG_GENERATE_SYMBOLS = NO;
				SWIFT_ACTIVE_COMPILATION_CONDITIONS = "DEBUG $(inherited)";
				SWIFT_APPROACHABLE_CONCURRENCY = YES;
				SWIFT_EMIT_LOC_STRINGS = NO;
				SWIFT_UPCOMING_FEATURE_MEMBER_IMPORT_VISIBILITY = YES;
				SWIFT_VERSION = 5.0;
				TARGETED_DEVICE_FAMILY = 3;
				TEST_TARGET_NAME = EluvioWalletTVOS;
				TVOS_DEPLOYMENT_TARGET = 18.0;
			};
			name = Debug;
		};
		FA27F9A12F3BD6C900C219C6 /* Release */ = {
			isa = XCBuildConfiguration;
			buildSettings = {
				CODE_SIGN_STYLE = Automatic;
				CURRENT_PROJECT_VERSION = 1;
				GCC_C_LANGUAGE_STANDARD = gnu17;
				GENERATE_INFOPLIST_FILE = YES;
				LOCALIZATION_PREFERS_STRING_CATALOGS = YES;
				MARKETING_VERSION = 1.0;
				PRODUCT_BUNDLE_IDENTIFIER = com.eluvio.wallet.test.EluvioWalletTVOSUITests;
				PRODUCT_NAME = "$(TARGET_NAME)";
				STRING_CATALOG_GENERATE_SYMBOLS = NO;
				SWIFT_APPROACHABLE_CONCURRENCY = YES;
				SWIFT_EMIT_LOC_STRINGS = NO;
				SWIFT_UPCOMING_FEATURE_MEMBER_IMPORT_VISIBILITY = YES;
				SWIFT_VERSION = 5.0;
				TARGETED_DEVICE_FAMILY = 3;
				TEST_TARGET_NAME = EluvioWalletTVOS;
				TVOS_DEPLOYMENT_TARGET = 18.0;
			};
			name = Release;
		};
		FAEC00E0000000000001C009 /* Debug */ = {
			isa = XCBuildConfiguration;
			buildSettings = {
				ASSETCATALOG_COMPILER_APPICON_NAME = AppIcon;
				ASSETCATALOG_COMPILER_GLOBAL_ACCENT_COLOR_NAME = AccentColor;
				CODE_SIGN_ENTITLEMENTS = EluvioWalletMobile/EluvioWalletMobile.entitlements;
				CODE_SIGN_STYLE = Automatic;
				CURRENT_PROJECT_VERSION = 1;
				DEBUG_INFORMATION_FORMAT = dwarf;
				DEVELOPMENT_ASSET_PATHS = "\"EluvioWalletMobile/Preview Content\"";
				DEVELOPMENT_TEAM = 2KH8KC3MMX;
				ENABLE_PREVIEWS = YES;
				ENABLE_USER_SCRIPT_SANDBOXING = NO;
				GENERATE_INFOPLIST_FILE = YES;
				INFOPLIST_KEY_CFBundleDisplayName = "Media Wallet";
				INFOPLIST_KEY_ITSAppUsesNonExemptEncryption = NO;
				INFOPLIST_KEY_LSApplicationCategoryType = "public.app-category.entertainment";
				INFOPLIST_KEY_UIApplicationSceneManifest_Generation = YES;
				INFOPLIST_KEY_UIApplicationSupportsIndirectInputEvents = YES;
				INFOPLIST_KEY_UILaunchScreen_Generation = YES;
				INFOPLIST_KEY_UISupportedInterfaceOrientations_iPad = "UIInterfaceOrientationPortrait UIInterfaceOrientationPortraitUpsideDown UIInterfaceOrientationLandscapeLeft UIInterfaceOrientationLandscapeRight";
				INFOPLIST_KEY_UISupportedInterfaceOrientations_iPhone = "UIInterfaceOrientationPortrait UIInterfaceOrientationLandscapeLeft UIInterfaceOrientationLandscapeRight";
				IPHONEOS_DEPLOYMENT_TARGET = 17.0;
				LD_RUNPATH_SEARCH_PATHS = (
					"$(inherited)",
					"@executable_path/Frameworks",
				);
				MARKETING_VERSION = 1.0;
				PRODUCT_BUNDLE_IDENTIFIER = com.eluvio.wallet;
				PRODUCT_NAME = "$(TARGET_NAME)";
				SDKROOT = iphoneos;
				SUPPORTED_PLATFORMS = "iphoneos iphonesimulator";
				SUPPORTS_MACCATALYST = NO;
				SUPPORTS_MAC_DESIGNED_FOR_IPHONE_IPAD = NO;
				SUPPORTS_XR_DESIGNED_FOR_IPHONE_IPAD = NO;
				SWIFT_ACTIVE_COMPILATION_CONDITIONS = "DEBUG $(inherited)";
				SWIFT_EMIT_LOC_STRINGS = YES;
				SWIFT_OPTIMIZATION_LEVEL = "-Onone";
				SWIFT_VERSION = 5.0;
				TARGETED_DEVICE_FAMILY = "1,2";
			};
			name = Debug;
		};
		FAEC00E0000000000001C00A /* Release */ = {
			isa = XCBuildConfiguration;
			buildSettings = {
				ASSETCATALOG_COMPILER_APPICON_NAME = AppIcon;
				ASSETCATALOG_COMPILER_GLOBAL_ACCENT_COLOR_NAME = AccentColor;
				CODE_SIGN_ENTITLEMENTS = EluvioWalletMobile/EluvioWalletMobile.entitlements;
				CODE_SIGN_STYLE = Automatic;
				CURRENT_PROJECT_VERSION = 1;
				DEBUG_INFORMATION_FORMAT = "dwarf-with-dsym";
				DEVELOPMENT_ASSET_PATHS = "\"EluvioWalletMobile/Preview Content\"";
				DEVELOPMENT_TEAM = 2KH8KC3MMX;
				ENABLE_PREVIEWS = YES;
				ENABLE_USER_SCRIPT_SANDBOXING = NO;
				GENERATE_INFOPLIST_FILE = YES;
				INFOPLIST_KEY_CFBundleDisplayName = "Media Wallet";
				INFOPLIST_KEY_ITSAppUsesNonExemptEncryption = NO;
				INFOPLIST_KEY_LSApplicationCategoryType = "public.app-category.entertainment";
				INFOPLIST_KEY_UIApplicationSceneManifest_Generation = YES;
				INFOPLIST_KEY_UIApplicationSupportsIndirectInputEvents = YES;
				INFOPLIST_KEY_UILaunchScreen_Generation = YES;
				INFOPLIST_KEY_UISupportedInterfaceOrientations_iPad = "UIInterfaceOrientationPortrait UIInterfaceOrientationPortraitUpsideDown UIInterfaceOrientationLandscapeLeft UIInterfaceOrientationLandscapeRight";
				INFOPLIST_KEY_UISupportedInterfaceOrientations_iPhone = "UIInterfaceOrientationPortrait UIInterfaceOrientationLandscapeLeft UIInterfaceOrientationLandscapeRight";
				IPHONEOS_DEPLOYMENT_TARGET = 17.0;
				LD_RUNPATH_SEARCH_PATHS = (
					"$(inherited)",
					"@executable_path/Frameworks",
				);
				MARKETING_VERSION = 1.0;
				PRODUCT_BUNDLE_IDENTIFIER = com.eluvio.wallet;
				PRODUCT_NAME = "$(TARGET_NAME)";
				SDKROOT = iphoneos;
				SUPPORTED_PLATFORMS = "iphoneos iphonesimulator";
				SUPPORTS_MACCATALYST = NO;
				SUPPORTS_MAC_DESIGNED_FOR_IPHONE_IPAD = NO;
				SUPPORTS_XR_DESIGNED_FOR_IPHONE_IPAD = NO;
				SWIFT_EMIT_LOC_STRINGS = YES;
				SWIFT_VERSION = 5.0;
				TARGETED_DEVICE_FAMILY = "1,2";
				VALIDATE_PRODUCT = YES;
			};
			name = Release;
		};
/* End XCBuildConfiguration section */

/* Begin XCConfigurationList section */
		B0E60F6729CC23510079661E /* Build configuration list for PBXProject "EluvioWalletTVOS" */ = {
			isa = XCConfigurationList;
			buildConfigurations = (
				B0E60F7829CC23530079661E /* Debug */,
				B0E60F7929CC23530079661E /* Release */,
			);
			defaultConfigurationIsVisible = 0;
			defaultConfigurationName = Release;
		};
		B0E60F7A29CC23530079661E /* Build configuration list for PBXNativeTarget "EluvioWalletTVOS" */ = {
			isa = XCConfigurationList;
			buildConfigurations = (
				B0E60F7B29CC23530079661E /* Debug */,
				B0E60F7C29CC23530079661E /* Release */,
			);
			defaultConfigurationIsVisible = 0;
			defaultConfigurationName = Release;
		};
		FA27F9A22F3BD6C900C219C6 /* Build configuration list for PBXNativeTarget "EluvioWalletTVOSUITests" */ = {
			isa = XCConfigurationList;
			buildConfigurations = (
				FA27F9A02F3BD6C900C219C6 /* Debug */,
				FA27F9A12F3BD6C900C219C6 /* Release */,
			);
			defaultConfigurationIsVisible = 0;
			defaultConfigurationName = Release;
		};
		FAEC00E0000000000001C00B /* Build configuration list for PBXNativeTarget "EluvioWalletMobile" */ = {
			isa = XCConfigurationList;
			buildConfigurations = (
				FAEC00E0000000000001C009 /* Debug */,
				FAEC00E0000000000001C00A /* Release */,
			);
			defaultConfigurationIsVisible = 0;
			defaultConfigurationName = Release;
		};
/* End XCConfigurationList section */

/* Begin XCLocalSwiftPackageReference section */
		FAEC00E0000000000000C001 /* XCLocalSwiftPackageReference "Packages/EluvioCore" */ = {
			isa = XCLocalSwiftPackageReference;
			relativePath = Packages/EluvioCore;
		};
/* End XCLocalSwiftPackageReference section */

/* Begin XCRemoteSwiftPackageReference section */
		B0670F5129D55FBE00676872 /* XCRemoteSwiftPackageReference "QGrid" */ = {
			isa = XCRemoteSwiftPackageReference;
			repositoryURL = "https://github.com/Q-Mobile/QGrid";
			requirement = {
				kind = exactVersion;
				version = 0.1.4;
			};
		};
		B0670F6529DC098400676872 /* XCRemoteSwiftPackageReference "SwiftyJSON" */ = {
			isa = XCRemoteSwiftPackageReference;
			repositoryURL = "https://github.com/SwiftyJSON/SwiftyJSON.git";
			requirement = {
				kind = exactVersion;
				version = 5.0.2;
			};
		};
		B0CD050229EBB06400511E7F /* XCRemoteSwiftPackageReference "SDWebImageSwiftUI" */ = {
			isa = XCRemoteSwiftPackageReference;
			repositoryURL = "https://github.com/SDWebImage/SDWebImageSwiftUI.git";
			requirement = {
				kind = exactVersion;
				version = 2.2.7;
			};
		};
		B0D839552DDBE88300CDC7BB /* XCRemoteSwiftPackageReference "mux-stats-sdk-avplayer" */ = {
			isa = XCRemoteSwiftPackageReference;
			repositoryURL = "https://github.com/muxinc/mux-stats-sdk-avplayer.git";
			requirement = {
				kind = exactVersion;
				version = 4.12.0;
			};
		};
		B0D839582DDE495600CDC7BB /* XCRemoteSwiftPackageReference "swift-varint" */ = {
			isa = XCRemoteSwiftPackageReference;
			repositoryURL = "https://github.com/swift-libp2p/swift-varint.git";
			requirement = {
				kind = exactVersion;
				version = 0.2.0;
			};
		};
		B0E60F9329CD84420079661E /* XCRemoteSwiftPackageReference "Alamofire" */ = {
			isa = XCRemoteSwiftPackageReference;
			repositoryURL = "https://github.com/Alamofire/Alamofire.git";
			requirement = {
				kind = exactVersion;
				version = 5.11.1;
			};
		};
		B0E60F9929CD84AF0079661E /* XCRemoteSwiftPackageReference "Base58Swift" */ = {
			isa = XCRemoteSwiftPackageReference;
			repositoryURL = "https://github.com/keefertaylor/Base58Swift.git";
			requirement = {
				kind = exactVersion;
				version = 2.1.14;
			};
		};
		FA2E85AA2F6E0FE400EC2DAD /* XCRemoteSwiftPackageReference "SDWebImage" */ = {
			isa = XCRemoteSwiftPackageReference;
			repositoryURL = "https://github.com/SDWebImage/SDWebImage.git";
			requirement = {
				kind = exactVersion;
				version = 5.20.1;
			};
		};
		FA2E89C92F6E12D600EC2DAD /* XCRemoteSwiftPackageReference "firebase-ios-sdk" */ = {
			isa = XCRemoteSwiftPackageReference;
			repositoryURL = "https://github.com/firebase/firebase-ios-sdk.git";
			requirement = {
				kind = exactVersion;
				version = 12.11.0;
			};
		};
/* End XCRemoteSwiftPackageReference section */

/* Begin XCSwiftPackageProductDependency section */
		B0670F5229D55FBE00676872 /* QGrid */ = {
			isa = XCSwiftPackageProductDependency;
			package = B0670F5129D55FBE00676872 /* XCRemoteSwiftPackageReference "QGrid" */;
			productName = QGrid;
		};
		B0670F6629DC098400676872 /* SwiftyJSON */ = {
			isa = XCSwiftPackageProductDependency;
			package = B0670F6529DC098400676872 /* XCRemoteSwiftPackageReference "SwiftyJSON" */;
			productName = SwiftyJSON;
		};
		B0CD050329EBB06400511E7F /* SDWebImageSwiftUI */ = {
			isa = XCSwiftPackageProductDependency;
			package = B0CD050229EBB06400511E7F /* XCRemoteSwiftPackageReference "SDWebImageSwiftUI" */;
			productName = SDWebImageSwiftUI;
		};
		B0D839562DDBE88300CDC7BB /* MUXSDKStats */ = {
			isa = XCSwiftPackageProductDependency;
			package = B0D839552DDBE88300CDC7BB /* XCRemoteSwiftPackageReference "mux-stats-sdk-avplayer" */;
			productName = MUXSDKStats;
		};
		B0D839592DDE4CDC00CDC7BB /* VarInt */ = {
			isa = XCSwiftPackageProductDependency;
			package = B0D839582DDE495600CDC7BB /* XCRemoteSwiftPackageReference "swift-varint" */;
			productName = VarInt;
		};
		B0E60F9429CD84420079661E /* Alamofire */ = {
			isa = XCSwiftPackageProductDependency;
			package = B0E60F9329CD84420079661E /* XCRemoteSwiftPackageReference "Alamofire" */;
			productName = Alamofire;
		};
		B0E60F9A29CD84AF0079661E /* Base58Swift */ = {
			isa = XCSwiftPackageProductDependency;
			package = B0E60F9929CD84AF0079661E /* XCRemoteSwiftPackageReference "Base58Swift" */;
			productName = Base58Swift;
		};
		FA2E85AB2F6E0FE400EC2DAD /* SDWebImage */ = {
			isa = XCSwiftPackageProductDependency;
			package = FA2E85AA2F6E0FE400EC2DAD /* XCRemoteSwiftPackageReference "SDWebImage" */;
			productName = SDWebImage;
		};
		FA2E89CA2F6E12D600EC2DAD /* FirebaseAnalytics */ = {
			isa = XCSwiftPackageProductDependency;
			package = FA2E89C92F6E12D600EC2DAD /* XCRemoteSwiftPackageReference "firebase-ios-sdk" */;
			productName = FirebaseAnalytics;
		};
		FA2E89D12F6E18CF00EC2DAD /* FirebaseCrashlytics */ = {
			isa = XCSwiftPackageProductDependency;
			package = FA2E89C92F6E12D600EC2DAD /* XCRemoteSwiftPackageReference "firebase-ios-sdk" */;
			productName = FirebaseCrashlytics;
		};
		FAEC00E0000000000000C002 /* EluvioCore */ = {
			isa = XCSwiftPackageProductDependency;
			productName = EluvioCore;
		};
/* End XCSwiftPackageProductDependency section */
	};
	rootObject = B0E60F6429CC23510079661E /* Project object */;
}
