// !$*UTF8*$!
{
	archiveVersion = 1;
	classes = {
	};
	objectVersion = 70;
	objects = {

/* Begin PBXBuildFile section */
		B0670F5329D55FBE00676872 /* QGrid in Frameworks */ = {isa = PBXBuildFile; productRef = B0670F5229D55FBE00676872 /* QGrid */; };
		B0670F6729DC098400676872 /* SwiftyJSON in Frameworks */ = {isa = PBXBuildFile; productRef = B0670F6629DC098400676872 /* SwiftyJSON */; };
		B069A48C2A5225A4006C9E7B /* UUIDShortener in Frameworks */ = {isa = PBXBuildFile; productRef = B069A48B2A5225A4006C9E7B /* UUIDShortener */; };
		B0CD050429EBB06400511E7F /* SDWebImageSwiftUI in Frameworks */ = {isa = PBXBuildFile; productRef = B0CD050329EBB06400511E7F /* SDWebImageSwiftUI */; };
		B0D839572DDBE88300CDC7BB /* MUXSDKStats in Frameworks */ = {isa = PBXBuildFile; productRef = B0D839562DDBE88300CDC7BB /* MUXSDKStats */; };
		B0D8395A2DDE4CDC00CDC7BB /* VarInt in Frameworks */ = {isa = PBXBuildFile; productRef = B0D839592DDE4CDC00CDC7BB /* VarInt */; };
		B0E60F9529CD84420079661E /* Alamofire in Frameworks */ = {isa = PBXBuildFile; productRef = B0E60F9429CD84420079661E /* Alamofire */; };
		B0E60F9829CD84900079661E /* SwiftEventBus in Frameworks */ = {isa = PBXBuildFile; productRef = B0E60F9729CD84900079661E /* SwiftEventBus */; };
		B0E60F9B29CD84AF0079661E /* Base58Swift in Frameworks */ = {isa = PBXBuildFile; productRef = B0E60F9A29CD84AF0079661E /* Base58Swift */; };
/* End PBXBuildFile section */

/* Begin PBXContainerItemProxy section */
		FA27F99E2F3BD6C900C219C6 /* PBXContainerItemProxy */ = {
			isa = PBXContainerItemProxy;
			containerPortal = B0E60F6429CC23510079661E /* Project object */;
			proxyType = 1;
			remoteGlobalIDString = B0E60F6B29CC23510079661E;
			remoteInfo = EluvioWalletTVOS;
		};
/* End PBXContainerItemProxy section */

/* Begin PBXFileReference section */
		B00FA9E42AD904F400CFBFF7 /* FetchPage.swift */ = {isa = PBXFileReference; lastKnownFileType = sourcecode.swift; path = FetchPage.swift; sourceTree = "<group>"; };
		B00FA9E62AD905D500CFBFF7 /* KTPage.swift */ = {isa = PBXFileReference; lastKnownFileType = sourcecode.swift; path = KTPage.swift; sourceTree = "<group>"; };
		B00FA9E82AD905FD00CFBFF7 /* UNextPage.swift */ = {isa = PBXFileReference; lastKnownFileType = sourcecode.swift; path = UNextPage.swift; sourceTree = "<group>"; };
		B00FA9EA2AD9170100CFBFF7 /* LaunchButton.swift */ = {isa = PBXFileReference; lastKnownFileType = sourcecode.swift; path = LaunchButton.swift; sourceTree = "<group>"; };
		B02CE2052AF4C89500F5F495 /* Info.plist */ = {isa = PBXFileReference; lastKnownFileType = text.plist; path = Info.plist; sourceTree = "<group>"; };
		B04586F42AF4993B00F1FF25 /* FandangoPage.swift */ = {isa = PBXFileReference; lastKnownFileType = sourcecode.swift; path = FandangoPage.swift; sourceTree = "<group>"; };
		B06404CA2B2B8BA500945E98 /* DeviceFlowViewNew.swift */ = {isa = PBXFileReference; fileEncoding = 4; lastKnownFileType = sourcecode.swift; path = DeviceFlowViewNew.swift; sourceTree = "<group>"; };
		B06404CD2B2B8DF700945E98 /* AuthService_bak.swift */ = {isa = PBXFileReference; fileEncoding = 4; lastKnownFileType = sourcecode.swift; path = AuthService_bak.swift; sourceTree = "<group>"; };
		B07ADFBC2B6B3DC7005C5E5A /* ProgressControlView.swift */ = {isa = PBXFileReference; lastKnownFileType = sourcecode.swift; path = ProgressControlView.swift; sourceTree = "<group>"; };
		B07ADFBE2B6C1E1A005C5E5A /* ThumbnailView.swift */ = {isa = PBXFileReference; lastKnownFileType = sourcecode.swift; path = ThumbnailView.swift; sourceTree = "<group>"; };
		B07ADFC02B6C1E39005C5E5A /* InfoTab.swift */ = {isa = PBXFileReference; lastKnownFileType = sourcecode.swift; path = InfoTab.swift; sourceTree = "<group>"; };
		B07ADFC22B6C1E91005C5E5A /* InteractiveTab.swift */ = {isa = PBXFileReference; lastKnownFileType = sourcecode.swift; path = InteractiveTab.swift; sourceTree = "<group>"; };
		B07ADFCF2B6C22C8005C5E5A /* Models */ = {isa = PBXFileReference; fileEncoding = 4; lastKnownFileType = text; name = Models; path = EluvioWalletTVOS/Models; sourceTree = SOURCE_ROOT; };
		B07ADFD32B6D50EE005C5E5A /* Utils */ = {isa = PBXFileReference; fileEncoding = 4; lastKnownFileType = text; name = Utils; path = EluvioWalletTVOS/Utils; sourceTree = SOURCE_ROOT; };
		B07ADFDC2B6D5124005C5E5A /* Fabric */ = {isa = PBXFileReference; fileEncoding = 4; lastKnownFileType = text; name = Fabric; path = EluvioWalletTVOS/Fabric; sourceTree = SOURCE_ROOT; };
		B07ADFEA2B6D54C8005C5E5A /* Managers */ = {isa = PBXFileReference; fileEncoding = 4; lastKnownFileType = text; name = Managers; path = EluvioWalletTVOS/Managers; sourceTree = SOURCE_ROOT; };
		B07ADFEB2B6D54C8005C5E5A /* Test */ = {isa = PBXFileReference; fileEncoding = 4; lastKnownFileType = text; name = Test; path = EluvioWalletTVOS/Test; sourceTree = SOURCE_ROOT; };
		B07ADFF82B6D5B04005C5E5A /* SharedViews */ = {isa = PBXFileReference; fileEncoding = 4; lastKnownFileType = text; name = SharedViews; path = EluvioWalletTVOS/SharedViews; sourceTree = SOURCE_ROOT; };
		B07AE0072B6D6BF2005C5E5A /* Configuration */ = {isa = PBXFileReference; fileEncoding = 4; lastKnownFileType = text; path = Configuration; sourceTree = SOURCE_ROOT; };
		B07AE0102B707A42005C5E5A /* AQP-audio.wav */ = {isa = PBXFileReference; lastKnownFileType = audio.wav; path = "AQP-audio.wav"; sourceTree = "<group>"; };
		B07AE0122B707A66005C5E5A /* AQP-IME.png */ = {isa = PBXFileReference; lastKnownFileType = image.png; path = "AQP-IME.png"; sourceTree = "<group>"; };
		B07AE0142B707D3B005C5E5A /* flash_page_5.mp4 */ = {isa = PBXFileReference; lastKnownFileType = file; path = flash_page_5.mp4; sourceTree = "<group>"; };
		B07AE0152B707D3B005C5E5A /* flash_page_1.mp4 */ = {isa = PBXFileReference; lastKnownFileType = file; path = flash_page_1.mp4; sourceTree = "<group>"; };
		B07AE0162B707D3D005C5E5A /* Flash-comic.pdf */ = {isa = PBXFileReference; lastKnownFileType = image.pdf; path = "Flash-comic.pdf"; sourceTree = "<group>"; };
		B07AE01A2B707FE8005C5E5A /* AQP-audio-pages.json */ = {isa = PBXFileReference; fileEncoding = 4; lastKnownFileType = text.json; path = "AQP-audio-pages.json"; sourceTree = "<group>"; };
		B08CB4E42B72895800E04C0D /* AQP-audio-sync.json */ = {isa = PBXFileReference; lastKnownFileType = text.json; path = "AQP-audio-sync.json"; sourceTree = "<group>"; };
		B08CB4E62B72D8F500E04C0D /* AQP-Script.png */ = {isa = PBXFileReference; lastKnownFileType = image.png; path = "AQP-Script.png"; sourceTree = "<group>"; };
		B08CB4E82B72D96200E04C0D /* AQP-InteractiveVideo.png */ = {isa = PBXFileReference; lastKnownFileType = image.png; path = "AQP-InteractiveVideo.png"; sourceTree = "<group>"; };
		B08CB4EA2B72E27C00E04C0D /* AQP-Dictation.png */ = {isa = PBXFileReference; lastKnownFileType = image.png; path = "AQP-Dictation.png"; sourceTree = "<group>"; };
		B08CB5062B7D586C00E04C0D /* ShowcasePage.swift */ = {isa = PBXFileReference; lastKnownFileType = sourcecode.swift; path = ShowcasePage.swift; sourceTree = "<group>"; };
		B08CB52E2B7DDB2800E04C0D /* ShowcaseWalletApp.swift */ = {isa = PBXFileReference; lastKnownFileType = sourcecode.swift; path = ShowcaseWalletApp.swift; sourceTree = "<group>"; };
		B08CB5302B7DDB2800E04C0D /* ContentView.swift */ = {isa = PBXFileReference; lastKnownFileType = sourcecode.swift; path = ContentView.swift; sourceTree = "<group>"; };
		B08CB5322B7DDB2900E04C0D /* Assets.xcassets */ = {isa = PBXFileReference; lastKnownFileType = folder.assetcatalog; path = Assets.xcassets; sourceTree = "<group>"; };
		B08CB5352B7DDB2900E04C0D /* Preview Assets.xcassets */ = {isa = PBXFileReference; lastKnownFileType = folder.assetcatalog; path = "Preview Assets.xcassets"; sourceTree = "<group>"; };
		B08CB5522B7DDF6900E04C0D /* Utils */ = {isa = PBXFileReference; fileEncoding = 4; lastKnownFileType = text; name = Utils; path = EluvioWalletTVOS/Utils; sourceTree = SOURCE_ROOT; };
		B08CB5532B7DDF6900E04C0D /* Views */ = {isa = PBXFileReference; fileEncoding = 4; lastKnownFileType = text; name = Views; path = EluvioWalletTVOS/Views; sourceTree = SOURCE_ROOT; };
		B08CB5542B7DDF6900E04C0D /* Fabric */ = {isa = PBXFileReference; fileEncoding = 4; lastKnownFileType = text; name = Fabric; path = EluvioWalletTVOS/Fabric; sourceTree = SOURCE_ROOT; };
		B08CB5552B7DDF6900E04C0D /* Preview Content */ = {isa = PBXFileReference; fileEncoding = 4; lastKnownFileType = text; name = "Preview Content"; path = "EluvioWalletTVOS/Preview Content"; sourceTree = SOURCE_ROOT; };
		B08CB5562B7DDF6900E04C0D /* Managers */ = {isa = PBXFileReference; fileEncoding = 4; lastKnownFileType = text; name = Managers; path = EluvioWalletTVOS/Managers; sourceTree = SOURCE_ROOT; };
		B08CB5572B7DDF6900E04C0D /* Models */ = {isa = PBXFileReference; fileEncoding = 4; lastKnownFileType = text; name = Models; path = EluvioWalletTVOS/Models; sourceTree = SOURCE_ROOT; };
		B08CB5582B7DDF6900E04C0D /* Test */ = {isa = PBXFileReference; fileEncoding = 4; lastKnownFileType = text; name = Test; path = EluvioWalletTVOS/Test; sourceTree = SOURCE_ROOT; };
		B08CB5592B7DDF6900E04C0D /* SharedViews */ = {isa = PBXFileReference; fileEncoding = 4; lastKnownFileType = text; name = SharedViews; path = EluvioWalletTVOS/SharedViews; sourceTree = SOURCE_ROOT; };
		B08CB59B2B7DE0FD00E04C0D /* Configuration */ = {isa = PBXFileReference; fileEncoding = 4; lastKnownFileType = text; path = Configuration; sourceTree = SOURCE_ROOT; };
		B08CB5A02B7DE20200E04C0D /* Auth0.plist */ = {isa = PBXFileReference; fileEncoding = 4; lastKnownFileType = text.plist.xml; path = Auth0.plist; sourceTree = "<group>"; };
		B0A2FCE82AC8940E00AC825D /* WalletLinkTestApp.swift */ = {isa = PBXFileReference; lastKnownFileType = sourcecode.swift; path = WalletLinkTestApp.swift; sourceTree = "<group>"; };
		B0A2FCEA2AC8940E00AC825D /* ContentView.swift */ = {isa = PBXFileReference; lastKnownFileType = sourcecode.swift; path = ContentView.swift; sourceTree = "<group>"; };
		B0A2FCEC2AC8940F00AC825D /* Assets.xcassets */ = {isa = PBXFileReference; lastKnownFileType = folder.assetcatalog; path = Assets.xcassets; sourceTree = "<group>"; };
		B0A2FCEF2AC8940F00AC825D /* Preview Assets.xcassets */ = {isa = PBXFileReference; lastKnownFileType = folder.assetcatalog; path = "Preview Assets.xcassets"; sourceTree = "<group>"; };
		B0A2FCF42AC894EB00AC825D /* LaunchPage.swift */ = {isa = PBXFileReference; fileEncoding = 4; lastKnownFileType = sourcecode.swift; path = LaunchPage.swift; sourceTree = "<group>"; };
		B0A2FCF52AC894EB00AC825D /* TubiPage.swift */ = {isa = PBXFileReference; fileEncoding = 4; lastKnownFileType = sourcecode.swift; path = TubiPage.swift; sourceTree = "<group>"; };
		B0A2FCF82ACA8DE400AC825D /* BluePage.swift */ = {isa = PBXFileReference; lastKnownFileType = sourcecode.swift; path = BluePage.swift; sourceTree = "<group>"; };
		B0A2FCFA2ACA96EC00AC825D /* MaxPage.swift */ = {isa = PBXFileReference; lastKnownFileType = sourcecode.swift; path = MaxPage.swift; sourceTree = "<group>"; };
		B0A2FCFC2ACAA3CA00AC825D /* UEFAPage.swift */ = {isa = PBXFileReference; lastKnownFileType = sourcecode.swift; path = UEFAPage.swift; sourceTree = "<group>"; };
		B0A2FCFE2ACB658E00AC825D /* PlayerView2.swift */ = {isa = PBXFileReference; lastKnownFileType = sourcecode.swift; path = PlayerView2.swift; sourceTree = "<group>"; };
		B0A2FD002ACC98B500AC825D /* Fabric_bak.swift */ = {isa = PBXFileReference; lastKnownFileType = sourcecode.swift; path = Fabric_bak.swift; sourceTree = "<group>"; };
		B0D53D6F2AE754E900E0A82E /* VuduPage.swift */ = {isa = PBXFileReference; lastKnownFileType = sourcecode.swift; path = VuduPage.swift; sourceTree = "<group>"; };
		B0E60F6C29CC23510079661E /* EluvioWalletTVOS.app */ = {isa = PBXFileReference; explicitFileType = wrapper.application; includeInIndex = 0; path = EluvioWalletTVOS.app; sourceTree = BUILT_PRODUCTS_DIR; };
		B0F9DC312B4F973400499C93 /* MSPage.swift */ = {isa = PBXFileReference; fileEncoding = 4; lastKnownFileType = sourcecode.swift; path = MSPage.swift; sourceTree = "<group>"; };
		B0F9DC3D2B57912700499C93 /* PDFPage.swift */ = {isa = PBXFileReference; fileEncoding = 4; lastKnownFileType = sourcecode.swift; path = PDFPage.swift; sourceTree = "<group>"; };
		B0F9DC412B5B4E5500499C93 /* ProgressSlider.swift */ = {isa = PBXFileReference; lastKnownFileType = sourcecode.swift; path = ProgressSlider.swift; sourceTree = "<group>"; };
		B0F9DC432B5E216C00499C93 /* BooksGallery.swift */ = {isa = PBXFileReference; lastKnownFileType = sourcecode.swift; path = BooksGallery.swift; sourceTree = "<group>"; };
		B0F9DC462B5E30F900499C93 /* Entertainment Weekly - 05 July 2015.pdf */ = {isa = PBXFileReference; lastKnownFileType = image.pdf; path = "Entertainment Weekly - 05 July 2015.pdf"; sourceTree = "<group>"; };
		B0F9DC482B5E30F900499C93 /* a-quiet-place-2018.pdf */ = {isa = PBXFileReference; lastKnownFileType = image.pdf; path = "a-quiet-place-2018.pdf"; sourceTree = "<group>"; };
		B0F9DC4C2B5E311600499C93 /* the-war-of-the-worlds.pdf */ = {isa = PBXFileReference; lastKnownFileType = image.pdf; path = "the-war-of-the-worlds.pdf"; sourceTree = "<group>"; };
		B0F9DC4D2B5E311600499C93 /* the-book-of-five-rings.epub */ = {isa = PBXFileReference; lastKnownFileType = file; path = "the-book-of-five-rings.epub"; sourceTree = "<group>"; };
		B0F9DC502B65FA4400499C93 /* A Quiet Place - Opening.mp4 */ = {isa = PBXFileReference; lastKnownFileType = text; path = "A Quiet Place - Opening.mp4"; sourceTree = "<group>"; };
		B0F9DC522B66FE1C00499C93 /* AQP-video-transcript.json */ = {isa = PBXFileReference; lastKnownFileType = text.json; path = "AQP-video-transcript.json"; sourceTree = "<group>"; };
		B0F9DC542B673E1100499C93 /* AQP - opening.pdf */ = {isa = PBXFileReference; lastKnownFileType = image.pdf; path = "AQP - opening.pdf"; sourceTree = "<group>"; };
		B0F9DC562B67529E00499C93 /* AQP-Opening-Image.png */ = {isa = PBXFileReference; lastKnownFileType = image.png; path = "AQP-Opening-Image.png"; sourceTree = "<group>"; };
		B0F9DC582B68302400499C93 /* InteractiveMediaView.swift */ = {isa = PBXFileReference; lastKnownFileType = sourcecode.swift; path = InteractiveMediaView.swift; sourceTree = "<group>"; };
		B0F9DC5A2B688D2D00499C93 /* A-Quiet-Place-Poster.jpg */ = {isa = PBXFileReference; lastKnownFileType = image.jpeg; path = "A-Quiet-Place-Poster.jpg"; sourceTree = "<group>"; };
		FA27F9982F3BD6C900C219C6 /* EluvioWalletTVOSUITests.xctest */ = {isa = PBXFileReference; explicitFileType = wrapper.cfbundle; includeInIndex = 0; path = EluvioWalletTVOSUITests.xctest; sourceTree = BUILT_PRODUCTS_DIR; };
/* End PBXFileReference section */

/* Begin PBXFileSystemSynchronizedBuildFileExceptionSet section */
		FAD07A1C2F313D3E00EEAA9B /* PBXFileSystemSynchronizedBuildFileExceptionSet */ = {
			isa = PBXFileSystemSynchronizedBuildFileExceptionSet;
			membershipExceptions = (
				Info.plist,
			);
			target = B0E60F6B29CC23510079661E /* EluvioWalletTVOS */;
		};
/* End PBXFileSystemSynchronizedBuildFileExceptionSet section */

/* Begin PBXFileSystemSynchronizedRootGroup section */
		FA27F9992F3BD6C900C219C6 /* EluvioWalletTVOSUITests */ = {isa = PBXFileSystemSynchronizedRootGroup; explicitFileTypes = {}; explicitFolders = (); path = EluvioWalletTVOSUITests; sourceTree = "<group>"; };
		FA7858F22F3BB13E00BBAC62 /* Configuration */ = {isa = PBXFileSystemSynchronizedRootGroup; explicitFileTypes = {}; explicitFolders = (); path = Configuration; sourceTree = "<group>"; };
		FAD079AB2F313D3E00EEAA9B /* EluvioWalletTVOS */ = {isa = PBXFileSystemSynchronizedRootGroup; exceptions = (FAD07A1C2F313D3E00EEAA9B /* PBXFileSystemSynchronizedBuildFileExceptionSet */, ); explicitFileTypes = {}; explicitFolders = (); path = EluvioWalletTVOS; sourceTree = "<group>"; };
/* End PBXFileSystemSynchronizedRootGroup section */

/* Begin PBXFrameworksBuildPhase section */
		B0E60F6929CC23510079661E /* Frameworks */ = {
			isa = PBXFrameworksBuildPhase;
			buildActionMask = 2147483647;
			files = (
				B0670F5329D55FBE00676872 /* QGrid in Frameworks */,
				B0E60F9B29CD84AF0079661E /* Base58Swift in Frameworks */,
				B0D8395A2DDE4CDC00CDC7BB /* VarInt in Frameworks */,
				B0D839572DDBE88300CDC7BB /* MUXSDKStats in Frameworks */,
				B0E60F9529CD84420079661E /* Alamofire in Frameworks */,
				B0CD050429EBB06400511E7F /* SDWebImageSwiftUI in Frameworks */,
				B0670F6729DC098400676872 /* SwiftyJSON in Frameworks */,
				B069A48C2A5225A4006C9E7B /* UUIDShortener in Frameworks */,
				B0E60F9829CD84900079661E /* SwiftEventBus in Frameworks */,
			);
			runOnlyForDeploymentPostprocessing = 0;
		};
		FA27F9952F3BD6C900C219C6 /* Frameworks */ = {
			isa = PBXFrameworksBuildPhase;
			buildActionMask = 2147483647;
			files = (
			);
			runOnlyForDeploymentPostprocessing = 0;
		};
/* End PBXFrameworksBuildPhase section */

/* Begin PBXGroup section */
		B07AE00E2B707991005C5E5A /* FlashComic */ = {
			isa = PBXGroup;
			children = (
				B07AE0152B707D3B005C5E5A /* flash_page_1.mp4 */,
				B07AE0142B707D3B005C5E5A /* flash_page_5.mp4 */,
				B07AE0162B707D3D005C5E5A /* Flash-comic.pdf */,
			);
			path = FlashComic;
			sourceTree = "<group>";
		};
		B07AE00F2B7079A4005C5E5A /* Assets */ = {
			isa = PBXGroup;
			children = (
				B07AE00E2B707991005C5E5A /* FlashComic */,
				B0F9DC452B5E30BE00499C93 /* Books */,
			);
			path = Assets;
			sourceTree = "<group>";
		};
		B08CB52D2B7DDB2800E04C0D /* ShowcaseWallet */ = {
			isa = PBXGroup;
			children = (
				B08CB5A02B7DE20200E04C0D /* Auth0.plist */,
				B08CB59B2B7DE0FD00E04C0D /* Configuration */,
				B08CB5542B7DDF6900E04C0D /* Fabric */,
				B08CB5562B7DDF6900E04C0D /* Managers */,
				B08CB5572B7DDF6900E04C0D /* Models */,
				B08CB5552B7DDF6900E04C0D /* Preview Content */,
				B08CB5592B7DDF6900E04C0D /* SharedViews */,
				B08CB5582B7DDF6900E04C0D /* Test */,
				B08CB5522B7DDF6900E04C0D /* Utils */,
				B08CB5532B7DDF6900E04C0D /* Views */,
				B08CB52E2B7DDB2800E04C0D /* ShowcaseWalletApp.swift */,
				B08CB5302B7DDB2800E04C0D /* ContentView.swift */,
				B08CB5322B7DDB2900E04C0D /* Assets.xcassets */,
				B08CB5342B7DDB2900E04C0D /* Preview Content */,
			);
			path = ShowcaseWallet;
			sourceTree = "<group>";
		};
		B08CB5342B7DDB2900E04C0D /* Preview Content */ = {
			isa = PBXGroup;
			children = (
				B08CB5352B7DDB2900E04C0D /* Preview Assets.xcassets */,
			);
			path = "Preview Content";
			sourceTree = "<group>";
		};
		B0A2FCE72AC8940E00AC825D /* WalletLinkTest */ = {
			isa = PBXGroup;
			children = (
				B07AE00F2B7079A4005C5E5A /* Assets */,
				B07AE0072B6D6BF2005C5E5A /* Configuration */,
				B07ADFF82B6D5B04005C5E5A /* SharedViews */,
				B07ADFEA2B6D54C8005C5E5A /* Managers */,
				B07ADFEB2B6D54C8005C5E5A /* Test */,
				B07ADFDC2B6D5124005C5E5A /* Fabric */,
				B07ADFD32B6D50EE005C5E5A /* Utils */,
				B07ADFCF2B6C22C8005C5E5A /* Models */,
				B0F9DC3D2B57912700499C93 /* PDFPage.swift */,
				B06404CD2B2B8DF700945E98 /* AuthService_bak.swift */,
				B06404CA2B2B8BA500945E98 /* DeviceFlowViewNew.swift */,
				B02CE2052AF4C89500F5F495 /* Info.plist */,
				B0A2FCE82AC8940E00AC825D /* WalletLinkTestApp.swift */,
				B0A2FCF42AC894EB00AC825D /* LaunchPage.swift */,
				B0F9DC312B4F973400499C93 /* MSPage.swift */,
				B0A2FCF52AC894EB00AC825D /* TubiPage.swift */,
				B0A2FCEA2AC8940E00AC825D /* ContentView.swift */,
				B0A2FCEC2AC8940F00AC825D /* Assets.xcassets */,
				B0A2FCEE2AC8940F00AC825D /* Preview Content */,
				B0A2FCF82ACA8DE400AC825D /* BluePage.swift */,
				B0A2FCFA2ACA96EC00AC825D /* MaxPage.swift */,
				B0A2FCFC2ACAA3CA00AC825D /* UEFAPage.swift */,
				B0A2FCFE2ACB658E00AC825D /* PlayerView2.swift */,
				B0A2FD002ACC98B500AC825D /* Fabric_bak.swift */,
				B00FA9E42AD904F400CFBFF7 /* FetchPage.swift */,
				B00FA9E62AD905D500CFBFF7 /* KTPage.swift */,
				B00FA9E82AD905FD00CFBFF7 /* UNextPage.swift */,
				B00FA9EA2AD9170100CFBFF7 /* LaunchButton.swift */,
				B0D53D6F2AE754E900E0A82E /* VuduPage.swift */,
				B04586F42AF4993B00F1FF25 /* FandangoPage.swift */,
				B0F9DC412B5B4E5500499C93 /* ProgressSlider.swift */,
				B0F9DC432B5E216C00499C93 /* BooksGallery.swift */,
				B0F9DC582B68302400499C93 /* InteractiveMediaView.swift */,
				B07ADFBC2B6B3DC7005C5E5A /* ProgressControlView.swift */,
				B07ADFBE2B6C1E1A005C5E5A /* ThumbnailView.swift */,
				B07ADFC02B6C1E39005C5E5A /* InfoTab.swift */,
				B07ADFC22B6C1E91005C5E5A /* InteractiveTab.swift */,
				B08CB5062B7D586C00E04C0D /* ShowcasePage.swift */,
			);
			path = WalletLinkTest;
			sourceTree = "<group>";
		};
		B0A2FCEE2AC8940F00AC825D /* Preview Content */ = {
			isa = PBXGroup;
			children = (
				B0A2FCEF2AC8940F00AC825D /* Preview Assets.xcassets */,
			);
			path = "Preview Content";
			sourceTree = "<group>";
		};
		B0E60F6329CC23510079661E = {
			isa = PBXGroup;
			children = (
				FA7858F22F3BB13E00BBAC62 /* Configuration */,
				FAD079AB2F313D3E00EEAA9B /* EluvioWalletTVOS */,
				B0A2FCE72AC8940E00AC825D /* WalletLinkTest */,
				B08CB52D2B7DDB2800E04C0D /* ShowcaseWallet */,
				FA27F9992F3BD6C900C219C6 /* EluvioWalletTVOSUITests */,
				B0E60F6D29CC23510079661E /* Products */,
			);
			sourceTree = "<group>";
		};
		B0E60F6D29CC23510079661E /* Products */ = {
			isa = PBXGroup;
			children = (
				B0E60F6C29CC23510079661E /* EluvioWalletTVOS.app */,
				FA27F9982F3BD6C900C219C6 /* EluvioWalletTVOSUITests.xctest */,
			);
			name = Products;
			sourceTree = "<group>";
		};
		B0F9DC452B5E30BE00499C93 /* Books */ = {
			isa = PBXGroup;
			children = (
				B08CB4EA2B72E27C00E04C0D /* AQP-Dictation.png */,
				B08CB4E82B72D96200E04C0D /* AQP-InteractiveVideo.png */,
				B08CB4E62B72D8F500E04C0D /* AQP-Script.png */,
				B07AE01A2B707FE8005C5E5A /* AQP-audio-pages.json */,
				B08CB4E42B72895800E04C0D /* AQP-audio-sync.json */,
				B07AE0122B707A66005C5E5A /* AQP-IME.png */,
				B07AE0102B707A42005C5E5A /* AQP-audio.wav */,
				B0F9DC5A2B688D2D00499C93 /* A-Quiet-Place-Poster.jpg */,
				B0F9DC562B67529E00499C93 /* AQP-Opening-Image.png */,
				B0F9DC542B673E1100499C93 /* AQP - opening.pdf */,
				B0F9DC502B65FA4400499C93 /* A Quiet Place - Opening.mp4 */,
				B0F9DC4D2B5E311600499C93 /* the-book-of-five-rings.epub */,
				B0F9DC4C2B5E311600499C93 /* the-war-of-the-worlds.pdf */,
				B0F9DC482B5E30F900499C93 /* a-quiet-place-2018.pdf */,
				B0F9DC462B5E30F900499C93 /* Entertainment Weekly - 05 July 2015.pdf */,
				B0F9DC522B66FE1C00499C93 /* AQP-video-transcript.json */,
			);
			path = Books;
			sourceTree = "<group>";
		};
/* End PBXGroup section */

/* Begin PBXNativeTarget section */
		B0E60F6B29CC23510079661E /* EluvioWalletTVOS */ = {
			isa = PBXNativeTarget;
			buildConfigurationList = B0E60F7A29CC23530079661E /* Build configuration list for PBXNativeTarget "EluvioWalletTVOS" */;
			buildPhases = (
				B0E60F6829CC23510079661E /* Sources */,
				B0E60F6929CC23510079661E /* Frameworks */,
				B0E60F6A29CC23510079661E /* Resources */,
			);
			buildRules = (
			);
			dependencies = (
			);
			fileSystemSynchronizedGroups = (
				FA7858F22F3BB13E00BBAC62 /* Configuration */,
				FAD079AB2F313D3E00EEAA9B /* EluvioWalletTVOS */,
			);
			name = EluvioWalletTVOS;
			packageProductDependencies = (
				B0E60F9429CD84420079661E /* Alamofire */,
				B0E60F9729CD84900079661E /* SwiftEventBus */,
				B0E60F9A29CD84AF0079661E /* Base58Swift */,
				B0670F5229D55FBE00676872 /* QGrid */,
				B0670F6629DC098400676872 /* SwiftyJSON */,
				B0CD050329EBB06400511E7F /* SDWebImageSwiftUI */,
				B069A48B2A5225A4006C9E7B /* UUIDShortener */,
				B0D839562DDBE88300CDC7BB /* MUXSDKStats */,
				B0D839592DDE4CDC00CDC7BB /* VarInt */,
			);
			productName = EluvioWalletTVOS;
			productReference = B0E60F6C29CC23510079661E /* EluvioWalletTVOS.app */;
			productType = "com.apple.product-type.application";
		};
		FA27F9972F3BD6C900C219C6 /* EluvioWalletTVOSUITests */ = {
			isa = PBXNativeTarget;
			buildConfigurationList = FA27F9A22F3BD6C900C219C6 /* Build configuration list for PBXNativeTarget "EluvioWalletTVOSUITests" */;
			buildPhases = (
				FA27F9942F3BD6C900C219C6 /* Sources */,
				FA27F9952F3BD6C900C219C6 /* Frameworks */,
				FA27F9962F3BD6C900C219C6 /* Resources */,
			);
			buildRules = (
			);
			dependencies = (
				FA27F99F2F3BD6C900C219C6 /* PBXTargetDependency */,
			);
			fileSystemSynchronizedGroups = (
				FA27F9992F3BD6C900C219C6 /* EluvioWalletTVOSUITests */,
			);
			name = EluvioWalletTVOSUITests;
			packageProductDependencies = (
			);
			productName = EluvioWalletTVOSUITests;
			productReference = FA27F9982F3BD6C900C219C6 /* EluvioWalletTVOSUITests.xctest */;
			productType = "com.apple.product-type.bundle.ui-testing";
		};
/* End PBXNativeTarget section */

/* Begin PBXProject section */
		B0E60F6429CC23510079661E /* Project object */ = {
			isa = PBXProject;
			attributes = {
				BuildIndependentTargetsInParallel = 1;
				LastSwiftUpdateCheck = 2620;
				LastUpgradeCheck = 1500;
				TargetAttributes = {
					B0E60F6B29CC23510079661E = {
						CreatedOnToolsVersion = 14.2;
					};
					FA27F9972F3BD6C900C219C6 = {
						CreatedOnToolsVersion = 26.2;
						TestTargetID = B0E60F6B29CC23510079661E;
					};
				};
			};
			buildConfigurationList = B0E60F6729CC23510079661E /* Build configuration list for PBXProject "EluvioWalletTVOS" */;
			compatibilityVersion = "Xcode 14.0";
			developmentRegion = en;
			hasScannedForEncodings = 0;
			knownRegions = (
				en,
				Base,
			);
			mainGroup = B0E60F6329CC23510079661E;
			packageReferences = (
				B0E60F9329CD84420079661E /* XCRemoteSwiftPackageReference "Alamofire" */,
				B0E60F9629CD84900079661E /* XCRemoteSwiftPackageReference "SwiftEventBus" */,
				B0E60F9929CD84AF0079661E /* XCRemoteSwiftPackageReference "Base58Swift" */,
				B0670F5129D55FBE00676872 /* XCRemoteSwiftPackageReference "QGrid" */,
				B0670F6529DC098400676872 /* XCRemoteSwiftPackageReference "SwiftyJSON" */,
				B0CD050229EBB06400511E7F /* XCRemoteSwiftPackageReference "SDWebImageSwiftUI" */,
				B069A48A2A5225A4006C9E7B /* XCRemoteSwiftPackageReference "uuid-shortener" */,
				B0F9DC3A2B578D9800499C93 /* XCRemoteSwiftPackageReference "SDWebImagePDFCoder" */,
				B0D839552DDBE88300CDC7BB /* XCRemoteSwiftPackageReference "mux-stats-sdk-avplayer" */,
				B0D839582DDE495600CDC7BB /* XCRemoteSwiftPackageReference "swift-varint" */,
			);
			productRefGroup = B0E60F6D29CC23510079661E /* Products */;
			projectDirPath = "";
			projectRoot = "";
			targets = (
				B0E60F6B29CC23510079661E /* EluvioWalletTVOS */,
				FA27F9972F3BD6C900C219C6 /* EluvioWalletTVOSUITests */,
			);
		};
/* End PBXProject section */

/* Begin PBXResourcesBuildPhase section */
		B0E60F6A29CC23510079661E /* Resources */ = {
			isa = PBXResourcesBuildPhase;
			buildActionMask = 2147483647;
			files = (
			);
			runOnlyForDeploymentPostprocessing = 0;
		};
		FA27F9962F3BD6C900C219C6 /* Resources */ = {
			isa = PBXResourcesBuildPhase;
			buildActionMask = 2147483647;
			files = (
			);
			runOnlyForDeploymentPostprocessing = 0;
		};
/* End PBXResourcesBuildPhase section */

/* Begin PBXSourcesBuildPhase section */
		B0E60F6829CC23510079661E /* Sources */ = {
			isa = PBXSourcesBuildPhase;
			buildActionMask = 2147483647;
			files = (
			);
			runOnlyForDeploymentPostprocessing = 0;
		};
		FA27F9942F3BD6C900C219C6 /* Sources */ = {
			isa = PBXSourcesBuildPhase;
			buildActionMask = 2147483647;
			files = (
			);
			runOnlyForDeploymentPostprocessing = 0;
		};
/* End PBXSourcesBuildPhase section */

/* Begin PBXTargetDependency section */
		FA27F99F2F3BD6C900C219C6 /* PBXTargetDependency */ = {
			isa = PBXTargetDependency;
			target = B0E60F6B29CC23510079661E /* EluvioWalletTVOS */;
			targetProxy = FA27F99E2F3BD6C900C219C6 /* PBXContainerItemProxy */;
		};
/* End PBXTargetDependency section */

/* Begin XCBuildConfiguration section */
		B0E60F7829CC23530079661E /* Debug */ = {
			isa = XCBuildConfiguration;
			buildSettings = {
				ALWAYS_SEARCH_USER_PATHS = NO;
				ASSETCATALOG_COMPILER_GENERATE_SWIFT_ASSET_SYMBOL_EXTENSIONS = YES;
				CLANG_ANALYZER_NONNULL = YES;
				CLANG_ANALYZER_NUMBER_OBJECT_CONVERSION = YES_AGGRESSIVE;
				CLANG_CXX_LANGUAGE_STANDARD = "gnu++20";
				CLANG_ENABLE_MODULES = YES;
				CLANG_ENABLE_OBJC_ARC = YES;
				CLANG_ENABLE_OBJC_WEAK = YES;
				CLANG_WARN_BLOCK_CAPTURE_AUTORELEASING = YES;
				CLANG_WARN_BOOL_CONVERSION = YES;
				CLANG_WARN_COMMA = YES;
				CLANG_WARN_CONSTANT_CONVERSION = YES;
				CLANG_WARN_DEPRECATED_OBJC_IMPLEMENTATIONS = YES;
				CLANG_WARN_DIRECT_OBJC_ISA_USAGE = YES_ERROR;
				CLANG_WARN_DOCUMENTATION_COMMENTS = YES;
				CLANG_WARN_EMPTY_BODY = YES;
				CLANG_WARN_ENUM_CONVERSION = YES;
				CLANG_WARN_INFINITE_RECURSION = YES;
				CLANG_WARN_INT_CONVERSION = YES;
				CLANG_WARN_NON_LITERAL_NULL_CONVERSION = YES;
				CLANG_WARN_OBJC_IMPLICIT_RETAIN_SELF = YES;
				CLANG_WARN_OBJC_LITERAL_CONVERSION = YES;
				CLANG_WARN_OBJC_ROOT_CLASS = YES_ERROR;
				CLANG_WARN_QUOTED_INCLUDE_IN_FRAMEWORK_HEADER = YES;
				CLANG_WARN_RANGE_LOOP_ANALYSIS = YES;
				CLANG_WARN_STRICT_PROTOTYPES = YES;
				CLANG_WARN_SUSPICIOUS_MOVE = YES;
				CLANG_WARN_UNGUARDED_AVAILABILITY = YES_AGGRESSIVE;
				CLANG_WARN_UNREACHABLE_CODE = YES;
				CLANG_WARN__DUPLICATE_METHOD_MATCH = YES;
				COPY_PHASE_STRIP = NO;
				DEBUG_INFORMATION_FORMAT = dwarf;
				ENABLE_STRICT_OBJC_MSGSEND = YES;
				ENABLE_TESTABILITY = YES;
				ENABLE_USER_SCRIPT_SANDBOXING = YES;
				GCC_C_LANGUAGE_STANDARD = gnu11;
				GCC_DYNAMIC_NO_PIC = NO;
				GCC_NO_COMMON_BLOCKS = YES;
				GCC_OPTIMIZATION_LEVEL = 0;
				GCC_PREPROCESSOR_DEFINITIONS = (
					"DEBUG=1",
					"$(inherited)",
				);
				GCC_WARN_64_TO_32_BIT_CONVERSION = YES;
				GCC_WARN_ABOUT_RETURN_TYPE = YES_ERROR;
				GCC_WARN_UNDECLARED_SELECTOR = YES;
				GCC_WARN_UNINITIALIZED_AUTOS = YES_AGGRESSIVE;
				GCC_WARN_UNUSED_FUNCTION = YES;
				GCC_WARN_UNUSED_VARIABLE = YES;
				MTL_ENABLE_DEBUG_INFO = INCLUDE_SOURCE;
				MTL_FAST_MATH = YES;
				ONLY_ACTIVE_ARCH = YES;
				SDKROOT = appletvos;
				SWIFT_ACTIVE_COMPILATION_CONDITIONS = DEBUG;
				SWIFT_OPTIMIZATION_LEVEL = "-Onone";
				TVOS_DEPLOYMENT_TARGET = 17.0;
			};
			name = Debug;
		};
		B0E60F7929CC23530079661E /* Release */ = {
			isa = XCBuildConfiguration;
			buildSettings = {
				ALWAYS_SEARCH_USER_PATHS = NO;
				ASSETCATALOG_COMPILER_GENERATE_SWIFT_ASSET_SYMBOL_EXTENSIONS = YES;
				CLANG_ANALYZER_NONNULL = YES;
				CLANG_ANALYZER_NUMBER_OBJECT_CONVERSION = YES_AGGRESSIVE;
				CLANG_CXX_LANGUAGE_STANDARD = "gnu++20";
				CLANG_ENABLE_MODULES = YES;
				CLANG_ENABLE_OBJC_ARC = YES;
				CLANG_ENABLE_OBJC_WEAK = YES;
				CLANG_WARN_BLOCK_CAPTURE_AUTORELEASING = YES;
				CLANG_WARN_BOOL_CONVERSION = YES;
				CLANG_WARN_COMMA = YES;
				CLANG_WARN_CONSTANT_CONVERSION = YES;
				CLANG_WARN_DEPRECATED_OBJC_IMPLEMENTATIONS = YES;
				CLANG_WARN_DIRECT_OBJC_ISA_USAGE = YES_ERROR;
				CLANG_WARN_DOCUMENTATION_COMMENTS = YES;
				CLANG_WARN_EMPTY_BODY = YES;
				CLANG_WARN_ENUM_CONVERSION = YES;
				CLANG_WARN_INFINITE_RECURSION = YES;
				CLANG_WARN_INT_CONVERSION = YES;
				CLANG_WARN_NON_LITERAL_NULL_CONVERSION = YES;
				CLANG_WARN_OBJC_IMPLICIT_RETAIN_SELF = YES;
				CLANG_WARN_OBJC_LITERAL_CONVERSION = YES;
				CLANG_WARN_OBJC_ROOT_CLASS = YES_ERROR;
				CLANG_WARN_QUOTED_INCLUDE_IN_FRAMEWORK_HEADER = YES;
				CLANG_WARN_RANGE_LOOP_ANALYSIS = YES;
				CLANG_WARN_STRICT_PROTOTYPES = YES;
				CLANG_WARN_SUSPICIOUS_MOVE = YES;
				CLANG_WARN_UNGUARDED_AVAILABILITY = YES_AGGRESSIVE;
				CLANG_WARN_UNREACHABLE_CODE = YES;
				CLANG_WARN__DUPLICATE_METHOD_MATCH = YES;
				COPY_PHASE_STRIP = NO;
				DEBUG_INFORMATION_FORMAT = "dwarf-with-dsym";
				ENABLE_NS_ASSERTIONS = NO;
				ENABLE_STRICT_OBJC_MSGSEND = YES;
				ENABLE_USER_SCRIPT_SANDBOXING = YES;
				GCC_C_LANGUAGE_STANDARD = gnu11;
				GCC_NO_COMMON_BLOCKS = YES;
				GCC_WARN_64_TO_32_BIT_CONVERSION = YES;
				GCC_WARN_ABOUT_RETURN_TYPE = YES_ERROR;
				GCC_WARN_UNDECLARED_SELECTOR = YES;
				GCC_WARN_UNINITIALIZED_AUTOS = YES_AGGRESSIVE;
				GCC_WARN_UNUSED_FUNCTION = YES;
				GCC_WARN_UNUSED_VARIABLE = YES;
				MTL_ENABLE_DEBUG_INFO = NO;
				MTL_FAST_MATH = YES;
				SDKROOT = appletvos;
				SWIFT_COMPILATION_MODE = wholemodule;
				SWIFT_OPTIMIZATION_LEVEL = "-O";
				TVOS_DEPLOYMENT_TARGET = 17.0;
				VALIDATE_PRODUCT = YES;
			};
			name = Release;
		};
		B0E60F7B29CC23530079661E /* Debug */ = {
			isa = XCBuildConfiguration;
			buildSettings = {
				ASSETCATALOG_COMPILER_APPICON_NAME = "App Icon & Top Shelf Image";
				ASSETCATALOG_COMPILER_GLOBAL_ACCENT_COLOR_NAME = AccentColor;
				CODE_SIGN_IDENTITY = "Apple Development";
				CODE_SIGN_STYLE = Automatic;
				CURRENT_PROJECT_VERSION = 386;
				DEVELOPMENT_ASSET_PATHS = "\"EluvioWalletTVOS/Preview Content\"";
				DEVELOPMENT_TEAM = 2KH8KC3MMX;
				ENABLE_PREVIEWS = YES;
				GENERATE_INFOPLIST_FILE = YES;
				INFOPLIST_FILE = EluvioWalletTVOS/Info.plist;
				INFOPLIST_KEY_CFBundleDisplayName = "Eluvio Media Wallet";
				INFOPLIST_KEY_LSApplicationCategoryType = "public.app-category.entertainment";
				INFOPLIST_KEY_UILaunchScreen_Generation = YES;
				INFOPLIST_KEY_UIUserInterfaceStyle = Automatic;
				LD_RUNPATH_SEARCH_PATHS = (
					"$(inherited)",
					"@executable_path/Frameworks",
				);
				MARKETING_VERSION = 1.2.0;
				PRODUCT_BUNDLE_IDENTIFIER = com.eluvio.wallet;
				PRODUCT_NAME = "$(TARGET_NAME)";
				PROVISIONING_PROFILE_SPECIFIER = "";
				SUPPORTED_PLATFORMS = "appletvos appletvsimulator xros xrsimulator";
				SUPPORTS_MACCATALYST = NO;
				SWIFT_EMIT_LOC_STRINGS = YES;
				SWIFT_VERSION = 5.0;
				TARGETED_DEVICE_FAMILY = "3,7";
				TVOS_DEPLOYMENT_TARGET = 18.0;
			};
			name = Debug;
		};
		B0E60F7C29CC23530079661E /* Release */ = {
			isa = XCBuildConfiguration;
			buildSettings = {
				ASSETCATALOG_COMPILER_APPICON_NAME = "App Icon & Top Shelf Image";
				ASSETCATALOG_COMPILER_GLOBAL_ACCENT_COLOR_NAME = AccentColor;
				CODE_SIGN_IDENTITY = "Apple Development";
				CODE_SIGN_STYLE = Automatic;
				CURRENT_PROJECT_VERSION = 386;
				DEVELOPMENT_ASSET_PATHS = "\"EluvioWalletTVOS/Preview Content\"";
				DEVELOPMENT_TEAM = 2KH8KC3MMX;
				ENABLE_PREVIEWS = YES;
				GENERATE_INFOPLIST_FILE = YES;
				INFOPLIST_FILE = EluvioWalletTVOS/Info.plist;
				INFOPLIST_KEY_CFBundleDisplayName = "Eluvio Media Wallet";
				INFOPLIST_KEY_LSApplicationCategoryType = "public.app-category.entertainment";
				INFOPLIST_KEY_UILaunchScreen_Generation = YES;
				INFOPLIST_KEY_UIUserInterfaceStyle = Automatic;
				LD_RUNPATH_SEARCH_PATHS = (
					"$(inherited)",
					"@executable_path/Frameworks",
				);
				MARKETING_VERSION = 1.2.0;
				PRODUCT_BUNDLE_IDENTIFIER = com.eluvio.wallet;
				PRODUCT_NAME = "$(TARGET_NAME)";
				PROVISIONING_PROFILE_SPECIFIER = "";
				SUPPORTED_PLATFORMS = "appletvos appletvsimulator xros xrsimulator";
				SUPPORTS_MACCATALYST = NO;
				SWIFT_EMIT_LOC_STRINGS = YES;
				SWIFT_VERSION = 5.0;
				TARGETED_DEVICE_FAMILY = "3,7";
				TVOS_DEPLOYMENT_TARGET = 18.0;
			};
			name = Release;
		};
		FA27F9A02F3BD6C900C219C6 /* Debug */ = {
			isa = XCBuildConfiguration;
			buildSettings = {
				CODE_SIGN_STYLE = Automatic;
				CURRENT_PROJECT_VERSION = 1;
				GCC_C_LANGUAGE_STANDARD = gnu17;
				GENERATE_INFOPLIST_FILE = YES;
				LOCALIZATION_PREFERS_STRING_CATALOGS = YES;
				MARKETING_VERSION = 1.0;
				PRODUCT_BUNDLE_IDENTIFIER = com.eluvio.wallet.test.EluvioWalletTVOSUITests;
				PRODUCT_NAME = "$(TARGET_NAME)";
				STRING_CATALOG_GENERATE_SYMBOLS = NO;
				SWIFT_ACTIVE_COMPILATION_CONDITIONS = "DEBUG $(inherited)";
				SWIFT_APPROACHABLE_CONCURRENCY = YES;
				SWIFT_EMIT_LOC_STRINGS = NO;
				SWIFT_UPCOMING_FEATURE_MEMBER_IMPORT_VISIBILITY = YES;
				SWIFT_VERSION = 5.0;
				TARGETED_DEVICE_FAMILY = 3;
				TEST_TARGET_NAME = EluvioWalletTVOS;
				TVOS_DEPLOYMENT_TARGET = 18.0;
			};
			name = Debug;
		};
		FA27F9A12F3BD6C900C219C6 /* Release */ = {
			isa = XCBuildConfiguration;
			buildSettings = {
				CODE_SIGN_STYLE = Automatic;
				CURRENT_PROJECT_VERSION = 1;
				GCC_C_LANGUAGE_STANDARD = gnu17;
				GENERATE_INFOPLIST_FILE = YES;
				LOCALIZATION_PREFERS_STRING_CATALOGS = YES;
				MARKETING_VERSION = 1.0;
				PRODUCT_BUNDLE_IDENTIFIER = com.eluvio.wallet.test.EluvioWalletTVOSUITests;
				PRODUCT_NAME = "$(TARGET_NAME)";
				STRING_CATALOG_GENERATE_SYMBOLS = NO;
				SWIFT_APPROACHABLE_CONCURRENCY = YES;
				SWIFT_EMIT_LOC_STRINGS = NO;
				SWIFT_UPCOMING_FEATURE_MEMBER_IMPORT_VISIBILITY = YES;
				SWIFT_VERSION = 5.0;
				TARGETED_DEVICE_FAMILY = 3;
				TEST_TARGET_NAME = EluvioWalletTVOS;
				TVOS_DEPLOYMENT_TARGET = 18.0;
			};
			name = Release;
		};
/* End XCBuildConfiguration section */

/* Begin XCConfigurationList section */
		B0E60F6729CC23510079661E /* Build configuration list for PBXProject "EluvioWalletTVOS" */ = {
			isa = XCConfigurationList;
			buildConfigurations = (
				B0E60F7829CC23530079661E /* Debug */,
				B0E60F7929CC23530079661E /* Release */,
			);
			defaultConfigurationIsVisible = 0;
			defaultConfigurationName = Release;
		};
		B0E60F7A29CC23530079661E /* Build configuration list for PBXNativeTarget "EluvioWalletTVOS" */ = {
			isa = XCConfigurationList;
			buildConfigurations = (
				B0E60F7B29CC23530079661E /* Debug */,
				B0E60F7C29CC23530079661E /* Release */,
			);
			defaultConfigurationIsVisible = 0;
			defaultConfigurationName = Release;
		};
		FA27F9A22F3BD6C900C219C6 /* Build configuration list for PBXNativeTarget "EluvioWalletTVOSUITests" */ = {
			isa = XCConfigurationList;
			buildConfigurations = (
				FA27F9A02F3BD6C900C219C6 /* Debug */,
				FA27F9A12F3BD6C900C219C6 /* Release */,
			);
			defaultConfigurationIsVisible = 0;
			defaultConfigurationName = Release;
		};
/* End XCConfigurationList section */

/* Begin XCRemoteSwiftPackageReference section */
		B0670F5129D55FBE00676872 /* XCRemoteSwiftPackageReference "QGrid" */ = {
			isa = XCRemoteSwiftPackageReference;
			repositoryURL = "https://github.com/Q-Mobile/QGrid";
			requirement = {
				kind = upToNextMajorVersion;
				minimumVersion = 0.1.4;
			};
		};
		B0670F6529DC098400676872 /* XCRemoteSwiftPackageReference "SwiftyJSON" */ = {
			isa = XCRemoteSwiftPackageReference;
			repositoryURL = "https://github.com/SwiftyJSON/SwiftyJSON.git";
			requirement = {
				kind = upToNextMajorVersion;
				minimumVersion = 5.0.0;
			};
		};
		B069A48A2A5225A4006C9E7B /* XCRemoteSwiftPackageReference "uuid-shortener" */ = {
			isa = XCRemoteSwiftPackageReference;
			repositoryURL = "https://github.com/Dean151/uuid-shortener";
			requirement = {
				kind = revision;
				revision = 4aa608ca0692b28b94f2110e3b46ebed03c65acd;
			};
		};
		B0CD050229EBB06400511E7F /* XCRemoteSwiftPackageReference "SDWebImageSwiftUI" */ = {
			isa = XCRemoteSwiftPackageReference;
			repositoryURL = "https://github.com/SDWebImage/SDWebImageSwiftUI.git";
			requirement = {
				kind = upToNextMajorVersion;
				minimumVersion = 2.0.0;
			};
		};
		B0D839552DDBE88300CDC7BB /* XCRemoteSwiftPackageReference "mux-stats-sdk-avplayer" */ = {
			isa = XCRemoteSwiftPackageReference;
			repositoryURL = "https://github.com/muxinc/mux-stats-sdk-avplayer.git";
			requirement = {
				kind = revision;
				revision = 5eae8626cf974bd3987f6e5afd83598d86855ec0;
			};
		};
		B0D839582DDE495600CDC7BB /* XCRemoteSwiftPackageReference "swift-varint" */ = {
			isa = XCRemoteSwiftPackageReference;
			repositoryURL = "https://github.com/swift-libp2p/swift-varint.git";
			requirement = {
				kind = upToNextMajorVersion;
				minimumVersion = 0.0.2;
			};
		};
		B0E60F9329CD84420079661E /* XCRemoteSwiftPackageReference "Alamofire" */ = {
			isa = XCRemoteSwiftPackageReference;
			repositoryURL = "https://github.com/Alamofire/Alamofire.git";
			requirement = {
				kind = upToNextMajorVersion;
				minimumVersion = 5.0.0;
			};
		};
		B0E60F9629CD84900079661E /* XCRemoteSwiftPackageReference "SwiftEventBus" */ = {
			isa = XCRemoteSwiftPackageReference;
			repositoryURL = "https://github.com/cesarferreira/SwiftEventBus.git";
			requirement = {
				kind = upToNextMajorVersion;
				minimumVersion = 5.0.0;
			};
		};
		B0E60F9929CD84AF0079661E /* XCRemoteSwiftPackageReference "Base58Swift" */ = {
			isa = XCRemoteSwiftPackageReference;
			repositoryURL = "https://github.com/keefertaylor/Base58Swift.git";
			requirement = {
				kind = upToNextMajorVersion;
				minimumVersion = 2.0.0;
			};
		};
		B0F9DC3A2B578D9800499C93 /* XCRemoteSwiftPackageReference "SDWebImagePDFCoder" */ = {
			isa = XCRemoteSwiftPackageReference;
			repositoryURL = "https://github.com/SDWebImage/SDWebImagePDFCoder.git";
			requirement = {
				kind = upToNextMajorVersion;
				minimumVersion = 1.0.1;
			};
		};
/* End XCRemoteSwiftPackageReference section */

/* Begin XCSwiftPackageProductDependency section */
		B0670F5229D55FBE00676872 /* QGrid */ = {
			isa = XCSwiftPackageProductDependency;
			package = B0670F5129D55FBE00676872 /* XCRemoteSwiftPackageReference "QGrid" */;
			productName = QGrid;
		};
		B0670F6629DC098400676872 /* SwiftyJSON */ = {
			isa = XCSwiftPackageProductDependency;
			package = B0670F6529DC098400676872 /* XCRemoteSwiftPackageReference "SwiftyJSON" */;
			productName = SwiftyJSON;
		};
		B069A48B2A5225A4006C9E7B /* UUIDShortener */ = {
			isa = XCSwiftPackageProductDependency;
			package = B069A48A2A5225A4006C9E7B /* XCRemoteSwiftPackageReference "uuid-shortener" */;
			productName = UUIDShortener;
		};
		B0CD050329EBB06400511E7F /* SDWebImageSwiftUI */ = {
			isa = XCSwiftPackageProductDependency;
			package = B0CD050229EBB06400511E7F /* XCRemoteSwiftPackageReference "SDWebImageSwiftUI" */;
			productName = SDWebImageSwiftUI;
		};
		B0D839562DDBE88300CDC7BB /* MUXSDKStats */ = {
			isa = XCSwiftPackageProductDependency;
			package = B0D839552DDBE88300CDC7BB /* XCRemoteSwiftPackageReference "mux-stats-sdk-avplayer" */;
			productName = MUXSDKStats;
		};
		B0D839592DDE4CDC00CDC7BB /* VarInt */ = {
			isa = XCSwiftPackageProductDependency;
			package = B0D839582DDE495600CDC7BB /* XCRemoteSwiftPackageReference "swift-varint" */;
			productName = VarInt;
		};
		B0E60F9429CD84420079661E /* Alamofire */ = {
			isa = XCSwiftPackageProductDependency;
			package = B0E60F9329CD84420079661E /* XCRemoteSwiftPackageReference "Alamofire" */;
			productName = Alamofire;
		};
		B0E60F9729CD84900079661E /* SwiftEventBus */ = {
			isa = XCSwiftPackageProductDependency;
			package = B0E60F9629CD84900079661E /* XCRemoteSwiftPackageReference "SwiftEventBus" */;
			productName = SwiftEventBus;
		};
		B0E60F9A29CD84AF0079661E /* Base58Swift */ = {
			isa = XCSwiftPackageProductDependency;
			package = B0E60F9929CD84AF0079661E /* XCRemoteSwiftPackageReference "Base58Swift" */;
			productName = Base58Swift;
		};
/* End XCSwiftPackageProductDependency section */
	};
	rootObject = B0E60F6429CC23510079661E /* Project object */;
}
