{
  "originHash" : "7d8a74d593a0364cb6e014a8f3033ce9a8818cb82737599596be98d52d87c6aa",
  "pins" : [
    {
      "identity" : "alamofire",
      "kind" : "remoteSourceControl",
      "location" : "https://github.com/Alamofire/Alamofire.git",
      "state" : {
        "revision" : "7be73f6c2b5cd90e40798b06ebd5da8f9f79cf88",
        "version" : "5.11.0"
      }
    },
    {
      "identity" : "base58swift",
      "kind" : "remoteSourceControl",
      "location" : "https://github.com/keefertaylor/Base58Swift.git",
      "state" : {
        "revision" : "1c13ea6b07f1584660526f8bde3d4cc150e91acd",
        "version" : "2.1.14"
      }
    },
    {
      "identity" : "bigint",
      "kind" : "remoteSourceControl",
      "location" : "https://github.com/attaswift/BigInt.git",
      "state" : {
        "revision" : "e07e00fa1fd435143a2dcf8b7eec9a7710b2fdfe",
        "version" : "5.7.0"
      }
    },
    {
      "identity" : "mux-stats-sdk-avplayer",
      "kind" : "remoteSourceControl",
      "location" : "https://github.com/muxinc/mux-stats-sdk-avplayer.git",
      "state" : {
        "revision" : "5eae8626cf974bd3987f6e5afd83598d86855ec0"
      }
    },
    {
      "identity" : "qgrid",
      "kind" : "remoteSourceControl",
      "location" : "https://github.com/Q-Mobile/QGrid",
      "state" : {
        "revision" : "804e59f8cb9f66b226685e9369fb82029742b83a",
        "version" : "0.1.4"
      }
    },
    {
      "identity" : "sdwebimage",
      "kind" : "remoteSourceControl",
      "location" : "https://github.com/SDWebImage/SDWebImage.git",
      "state" : {
        "revision" : "36e79ba485e9bb4d3cd4e3318908866dac5e7b51",
        "version" : "5.21.5"
      }
    },
    {
      "identity" : "sdwebimagepdfcoder",
      "kind" : "remoteSourceControl",
      "location" : "https://github.com/SDWebImage/SDWebImagePDFCoder.git",
      "state" : {
        "revision" : "2aecb0a16e4d054c7f36a140f7feef6e1ede7bb6",
        "version" : "1.0.1"
      }
    },
    {
      "identity" : "sdwebimageswiftui",
      "kind" : "remoteSourceControl",
      "location" : "https://github.com/SDWebImage/SDWebImageSwiftUI.git",
      "state" : {
        "revision" : "53573d6dd017e354c0e7d8f1c86b77ef1383c996",
        "version" : "2.2.7"
      }
    },
    {
      "identity" : "stats-sdk-objc",
      "kind" : "remoteSourceControl",
      "location" : "https://github.com/muxinc/stats-sdk-objc.git",
      "state" : {
        "revision" : "8c2bfa65f63eb0315b2de12e0063a3281734429a",
        "version" : "5.4.1"
      }
    },
    {
      "identity" : "swift-varint",
      "kind" : "remoteSourceControl",
      "location" : "https://github.com/swift-libp2p/swift-varint.git",
      "state" : {
        "revision" : "b62beeea61d5c7c434d7af8a212211a4e7a8f926",
        "version" : "0.2.0"
      }
    },
    {
      "identity" : "swifteventbus",
      "kind" : "remoteSourceControl",
      "location" : "https://github.com/cesarferreira/SwiftEventBus.git",
      "state" : {
        "revision" : "a30ff35e616f507d8a8d122dac32a2150371a87e",
        "version" : "5.1.0"
      }
    },
    {
      "identity" : "swiftyjson",
      "kind" : "remoteSourceControl",
      "location" : "https://github.com/SwiftyJSON/SwiftyJSON.git",
      "state" : {
        "revision" : "af76cf3ef710b6ca5f8c05f3a31307d44a3c5828",
        "version" : "5.0.2"
      }
    },
    {
      "identity" : "uuid-shortener",
      "kind" : "remoteSourceControl",
      "location" : "https://github.com/Dean151/uuid-shortener",
      "state" : {
        "revision" : "4aa608ca0692b28b94f2110e3b46ebed03c65acd"
      }
    }
  ],
  "version" : 3
}
